// !$*UTF8*$!
{
	archiveVersion = 1;
	classes = {
	};
	objectVersion = 46;
	objects = {

/* Begin PBXBuildFile section */
		6FF44576CFF404C6C4707802 /* Pods_BenchTracker.framework in Frameworks */ = {isa = PBXBuildFile; fileRef = 2C83D3A0EA46ECDF1788C990 /* Pods_BenchTracker.framework */; };
		F77B8D13565A4E6664DC71A8 /* Pods_BenchTrackerTests.framework in Frameworks */ = {isa = PBXBuildFile; fileRef = 40B18DFBDA158AF111B21958 /* Pods_BenchTrackerTests.framework */; };
		F90712A719415FB1008694E5 /* main.m in Sources */ = {isa = PBXBuildFile; fileRef = F90712A619415FB1008694E5 /* main.m */; };
		F90712AA19415FB1008694E5 /* AppDelegate.m in Sources */ = {isa = PBXBuildFile; fileRef = F90712A919415FB1008694E5 /* AppDelegate.m */; };
		F90712B319415FB1008694E5 /* Main.storyboard in Resources */ = {isa = PBXBuildFile; fileRef = F90712B119415FB1008694E5 /* Main.storyboard */; };
		F90712B519415FB2008694E5 /* Images.xcassets in Resources */ = {isa = PBXBuildFile; fileRef = F90712B419415FB2008694E5 /* Images.xcassets */; };
		F90712C119415FB4008694E5 /* BenchTrackerTests.m in Sources */ = {isa = PBXBuildFile; fileRef = F90712C019415FB4008694E5 /* BenchTrackerTests.m */; };
		F917BB501F0D24E500614AB1 /* BTPDFGenerator.m in Sources */ = {isa = PBXBuildFile; fileRef = F917BB4F1F0D24E500614AB1 /* BTPDFGenerator.m */; };
		F917BB541F0D2AB200614AB1 /* BTWorkoutPDF.m in Sources */ = {isa = PBXBuildFile; fileRef = F917BB531F0D2AB200614AB1 /* BTWorkoutPDF.m */; };
		F917BB571F0D2AC400614AB1 /* BTWorkoutPDF.xib in Resources */ = {isa = PBXBuildFile; fileRef = F917BB561F0D2AC400614AB1 /* BTWorkoutPDF.xib */; };
		F917BB5A1F0DA6AB00614AB1 /* BTJSONWorkout.m in Sources */ = {isa = PBXBuildFile; fileRef = F917BB591F0DA6AB00614AB1 /* BTJSONWorkout.m */; };
		F917BB5D1F0DCA6A00614AB1 /* BTJSONWorkoutTemplate.m in Sources */ = {isa = PBXBuildFile; fileRef = F917BB5C1F0DCA6A00614AB1 /* BTJSONWorkoutTemplate.m */; };
		F917BB601F0DD40200614AB1 /* QRDisplayViewController.m in Sources */ = {isa = PBXBuildFile; fileRef = F917BB5F1F0DD40200614AB1 /* QRDisplayViewController.m */; };
		F917BB641F0DEA7C00614AB1 /* BTQRScannerViewController.m in Sources */ = {isa = PBXBuildFile; fileRef = F917BB631F0DEA7C00614AB1 /* BTQRScannerViewController.m */; };
		F917BB671F0DEAE000614AB1 /* BTQRScannerViewController.xib in Resources */ = {isa = PBXBuildFile; fileRef = F917BB661F0DEAE000614AB1 /* BTQRScannerViewController.xib */; };
		F927D14F1F0C9BD70004CF3A /* IterationSelectionViewController.m in Sources */ = {isa = PBXBuildFile; fileRef = F927D14E1F0C9BD70004CF3A /* IterationSelectionViewController.m */; };
		F927D1541F0C9DDB0004CF3A /* IterationTableViewCell.m in Sources */ = {isa = PBXBuildFile; fileRef = F927D1521F0C9DDB0004CF3A /* IterationTableViewCell.m */; };
		F927D1551F0C9DDB0004CF3A /* IterationTableViewCell.xib in Resources */ = {isa = PBXBuildFile; fileRef = F927D1531F0C9DDB0004CF3A /* IterationTableViewCell.xib */; };
		F9418F9E1F0433980083C3DC /* AddExerciseViewController.m in Sources */ = {isa = PBXBuildFile; fileRef = F9418F9D1F0433980083C3DC /* AddExerciseViewController.m */; };
		F9418FA31F048B1E0083C3DC /* AddExerciseTableViewCell.m in Sources */ = {isa = PBXBuildFile; fileRef = F9418FA11F048B1E0083C3DC /* AddExerciseTableViewCell.m */; };
		F9418FA41F048B1E0083C3DC /* AddExerciseTableViewCell.xib in Resources */ = {isa = PBXBuildFile; fileRef = F9418FA21F048B1E0083C3DC /* AddExerciseTableViewCell.xib */; };
		F9418FA81F04A4F80083C3DC /* ExerciseViewController.m in Sources */ = {isa = PBXBuildFile; fileRef = F9418FA71F04A4F80083C3DC /* ExerciseViewController.m */; };
		F9418FAC1F04A94E0083C3DC /* ExerciseView.m in Sources */ = {isa = PBXBuildFile; fileRef = F9418FAB1F04A94E0083C3DC /* ExerciseView.m */; };
		F9418FAF1F04A96C0083C3DC /* ExerciseView.xib in Resources */ = {isa = PBXBuildFile; fileRef = F9418FAE1F04A96C0083C3DC /* ExerciseView.xib */; };
		F9418FB21F04C83F0083C3DC /* SetFlowLayout.m in Sources */ = {isa = PBXBuildFile; fileRef = F9418FB11F04C83F0083C3DC /* SetFlowLayout.m */; };
		F9418FBC1F04CEE80083C3DC /* SetCollectionViewCell.m in Sources */ = {isa = PBXBuildFile; fileRef = F9418FBB1F04CEE80083C3DC /* SetCollectionViewCell.m */; };
		F9418FBE1F04CEF80083C3DC /* SetCollectionViewCell.xib in Resources */ = {isa = PBXBuildFile; fileRef = F9418FBD1F04CEF80083C3DC /* SetCollectionViewCell.xib */; };
		F94C89391F15448C006C6BDD /* ADPodiumView.m in Sources */ = {isa = PBXBuildFile; fileRef = F94C89381F15448C006C6BDD /* ADPodiumView.m */; };
		F94C893B1F154498006C6BDD /* ADPodiumView.xib in Resources */ = {isa = PBXBuildFile; fileRef = F94C893A1F154498006C6BDD /* ADPodiumView.xib */; };
		F94C89401F15B68D006C6BDD /* ADMuscleSplitTableViewCell.m in Sources */ = {isa = PBXBuildFile; fileRef = F94C893E1F15B68D006C6BDD /* ADMuscleSplitTableViewCell.m */; };
		F94C89411F15B68D006C6BDD /* ADMuscleSplitTableViewCell.xib in Resources */ = {isa = PBXBuildFile; fileRef = F94C893F1F15B68D006C6BDD /* ADMuscleSplitTableViewCell.xib */; };
		F94C89451F15D5B6006C6BDD /* BT1RMCalculator.m in Sources */ = {isa = PBXBuildFile; fileRef = F94C89441F15D5B6006C6BDD /* BT1RMCalculator.m */; };
		F95F5CF61F08B54500A567FA /* SettingsViewController.m in Sources */ = {isa = PBXBuildFile; fileRef = F95F5CF51F08B54500A567FA /* SettingsViewController.m */; };
		F95F932F1F02FC5000A19C4D /* TypeListModel.m in Sources */ = {isa = PBXBuildFile; fileRef = F95F932E1F02FC5000A19C4D /* TypeListModel.m */; };
		F95F93331F03410500A19C4D /* BTAWSUser.m in Sources */ = {isa = PBXBuildFile; fileRef = F95F93321F03410500A19C4D /* BTAWSUser.m */; };
		F95F93371F03426F00A19C4D /* BTUserManager.m in Sources */ = {isa = PBXBuildFile; fileRef = F95F93361F03426F00A19C4D /* BTUserManager.m */; };
		F95F933B1F034DA500A19C4D /* MainViewController.m in Sources */ = {isa = PBXBuildFile; fileRef = F95F933A1F034DA500A19C4D /* MainViewController.m */; };
		F95F933E1F034FA300A19C4D /* LoginViewController.m in Sources */ = {isa = PBXBuildFile; fileRef = F95F933D1F034FA300A19C4D /* LoginViewController.m */; };
		F95F93411F03713200A19C4D /* BTAWSWorkout.m in Sources */ = {isa = PBXBuildFile; fileRef = F95F93401F03713200A19C4D /* BTAWSWorkout.m */; };
		F95F93441F03738B00A19C4D /* WorkoutViewController.m in Sources */ = {isa = PBXBuildFile; fileRef = F95F93431F03738B00A19C4D /* WorkoutViewController.m */; };
		F95F934B1F037C9500A19C4D /* BTWorkoutManager.m in Sources */ = {isa = PBXBuildFile; fileRef = F95F934A1F037C9500A19C4D /* BTWorkoutManager.m */; };
		F96207711F05DCF200DE2330 /* ExerciseTableViewCell.m in Sources */ = {isa = PBXBuildFile; fileRef = F962076F1F05DCF200DE2330 /* ExerciseTableViewCell.m */; };
		F96207721F05DCF200DE2330 /* ExerciseTableViewCell.xib in Resources */ = {isa = PBXBuildFile; fileRef = F96207701F05DCF200DE2330 /* ExerciseTableViewCell.xib */; };
		F9640BD81F080E590053C9C0 /* BTSettings+CoreDataClass.m in Sources */ = {isa = PBXBuildFile; fileRef = F9640BD41F080E590053C9C0 /* BTSettings+CoreDataClass.m */; };
		F9640BD91F080E590053C9C0 /* BTSettings+CoreDataProperties.m in Sources */ = {isa = PBXBuildFile; fileRef = F9640BD61F080E590053C9C0 /* BTSettings+CoreDataProperties.m */; };
		F97773E11F1726A2009AEDE3 /* ADExerciseTypeTableViewCell.m in Sources */ = {isa = PBXBuildFile; fileRef = F97773DF1F1726A2009AEDE3 /* ADExerciseTypeTableViewCell.m */; };
		F97773E21F1726A2009AEDE3 /* ADExerciseTypeTableViewCell.xib in Resources */ = {isa = PBXBuildFile; fileRef = F97773E01F1726A2009AEDE3 /* ADExerciseTypeTableViewCell.xib */; };
		F97B1CA21F09759000B3EEC7 /* WeekdayTableViewCell.m in Sources */ = {isa = PBXBuildFile; fileRef = F97B1CA01F09759000B3EEC7 /* WeekdayTableViewCell.m */; };
		F97B1CA31F09759000B3EEC7 /* WeekdayTableViewCell.xib in Resources */ = {isa = PBXBuildFile; fileRef = F97B1CA11F09759000B3EEC7 /* WeekdayTableViewCell.xib */; };
		F97B1CA71F097D8A00B3EEC7 /* WeekdayView.m in Sources */ = {isa = PBXBuildFile; fileRef = F97B1CA61F097D8A00B3EEC7 /* WeekdayView.m */; };
		F97B1CAA1F097DA600B3EEC7 /* WeekdayView.xib in Resources */ = {isa = PBXBuildFile; fileRef = F97B1CA91F097DA600B3EEC7 /* WeekdayView.xib */; };
		F97B1CAD1F09F67300B3EEC7 /* ExerciseModel.m in Sources */ = {isa = PBXBuildFile; fileRef = F97B1CAC1F09F67300B3EEC7 /* ExerciseModel.m */; };
		F981D5891F022D9A00E7B456 /* LaunchScreen.xib in Resources */ = {isa = PBXBuildFile; fileRef = F981D5871F022D9A00E7B456 /* LaunchScreen.xib */; };
		F9A549401F13064400743897 /* BTAnalyticsBarChart.m in Sources */ = {isa = PBXBuildFile; fileRef = F9A5493F1F13064400743897 /* BTAnalyticsBarChart.m */; };
		F9A549431F13065000743897 /* BTAnalyticsLineChart.m in Sources */ = {isa = PBXBuildFile; fileRef = F9A549421F13065000743897 /* BTAnalyticsLineChart.m */; };
		F9A549461F13065500743897 /* BTAnalyticsPieChart.m in Sources */ = {isa = PBXBuildFile; fileRef = F9A549451F13065500743897 /* BTAnalyticsPieChart.m */; };
		F9A5494C1F13067B00743897 /* BTRecentWorkoutsManager.m in Sources */ = {isa = PBXBuildFile; fileRef = F9A5494B1F13067B00743897 /* BTRecentWorkoutsManager.m */; };
		F9A5494E1F13075600743897 /* AnalyticsViewController.m in Sources */ = {isa = PBXBuildFile; fileRef = F9F442131F0EA96D008D4956 /* AnalyticsViewController.m */; };
		F9A549511F134A3100743897 /* AnalyticsDetailViewController.m in Sources */ = {isa = PBXBuildFile; fileRef = F9A549501F134A3100743897 /* AnalyticsDetailViewController.m */; };
		F9AF067E1F07535C003A2200 /* WorkoutTableViewCell.m in Sources */ = {isa = PBXBuildFile; fileRef = F9AF067C1F07535C003A2200 /* WorkoutTableViewCell.m */; };
		F9AF067F1F07535C003A2200 /* WorkoutTableViewCell.xib in Resources */ = {isa = PBXBuildFile; fileRef = F9AF067D1F07535C003A2200 /* WorkoutTableViewCell.xib */; };
		F9AF06831F07596F003A2200 /* BTStackedBarView.m in Sources */ = {isa = PBXBuildFile; fileRef = F9AF06821F07596F003A2200 /* BTStackedBarView.m */; };
		F9B27CE11F1170F5008FCC7F /* StickCollectionViewFlowLayout.m in Sources */ = {isa = PBXBuildFile; fileRef = F9B27CE01F1170F5008FCC7F /* StickCollectionViewFlowLayout.m */; };
		F9B27CE51F117852008FCC7F /* AnalyticsCollectionViewCell.m in Sources */ = {isa = PBXBuildFile; fileRef = F9B27CE31F117852008FCC7F /* AnalyticsCollectionViewCell.m */; };
		F9B27CE61F117852008FCC7F /* AnalyticsCollectionViewCell.xib in Resources */ = {isa = PBXBuildFile; fileRef = F9B27CE41F117852008FCC7F /* AnalyticsCollectionViewCell.xib */; };
		F9B7D7D71F06303700376201 /* passTouchesView.m in Sources */ = {isa = PBXBuildFile; fileRef = F9B7D7D61F06303700376201 /* passTouchesView.m */; };
		F9C2406E1F17D94900A268F3 /* ADEDExerciseTableViewCell.m in Sources */ = {isa = PBXBuildFile; fileRef = F9C2406C1F17D94900A268F3 /* ADEDExerciseTableViewCell.m */; };
		F9C2406F1F17D94900A268F3 /* ADEDExerciseTableViewCell.xib in Resources */ = {isa = PBXBuildFile; fileRef = F9C2406D1F17D94900A268F3 /* ADEDExerciseTableViewCell.xib */; };
		F9C240731F17F9B300A268F3 /* UIColor+BTColors.m in Sources */ = {isa = PBXBuildFile; fileRef = F9C240721F17F9B300A268F3 /* UIColor+BTColors.m */; };
		F9DA75111F02DC1700347B0D /* BTDataModel.xcdatamodeld in Sources */ = {isa = PBXBuildFile; fileRef = F9DA750F1F02DC1700347B0D /* BTDataModel.xcdatamodeld */; };
		F9DA75221F02EE9600347B0D /* BTUser+CoreDataClass.m in Sources */ = {isa = PBXBuildFile; fileRef = F9DA75131F02EE9600347B0D /* BTUser+CoreDataClass.m */; };
		F9DA75231F02EE9600347B0D /* BTUser+CoreDataProperties.m in Sources */ = {isa = PBXBuildFile; fileRef = F9DA75151F02EE9600347B0D /* BTUser+CoreDataProperties.m */; };
		F9DA75241F02EE9600347B0D /* BTExercise+CoreDataClass.m in Sources */ = {isa = PBXBuildFile; fileRef = F9DA75171F02EE9600347B0D /* BTExercise+CoreDataClass.m */; };
		F9DA75251F02EE9600347B0D /* BTExercise+CoreDataProperties.m in Sources */ = {isa = PBXBuildFile; fileRef = F9DA75191F02EE9600347B0D /* BTExercise+CoreDataProperties.m */; };
		F9DA75261F02EE9600347B0D /* BTExerciseType+CoreDataClass.m in Sources */ = {isa = PBXBuildFile; fileRef = F9DA751B1F02EE9600347B0D /* BTExerciseType+CoreDataClass.m */; };
		F9DA75271F02EE9600347B0D /* BTExerciseType+CoreDataProperties.m in Sources */ = {isa = PBXBuildFile; fileRef = F9DA751D1F02EE9600347B0D /* BTExerciseType+CoreDataProperties.m */; };
		F9DA75281F02EE9600347B0D /* BTWorkout+CoreDataClass.m in Sources */ = {isa = PBXBuildFile; fileRef = F9DA751F1F02EE9600347B0D /* BTWorkout+CoreDataClass.m */; };
		F9DA75291F02EE9600347B0D /* BTWorkout+CoreDataProperties.m in Sources */ = {isa = PBXBuildFile; fileRef = F9DA75211F02EE9600347B0D /* BTWorkout+CoreDataProperties.m */; };
		F9DA75331F02F0B800347B0D /* BTTypeListManager.m in Sources */ = {isa = PBXBuildFile; fileRef = F9DA75321F02F0B800347B0D /* BTTypeListManager.m */; };
		F9FA47261F0B39D700A4AF98 /* WorkoutSelectionViewController.m in Sources */ = {isa = PBXBuildFile; fileRef = F9FA47251F0B39D700A4AF98 /* WorkoutSelectionViewController.m */; };
		F9FD19E31F141FF300AB3FEE /* ADWorkoutsViewController.m in Sources */ = {isa = PBXBuildFile; fileRef = F9FD19E11F141FF300AB3FEE /* ADWorkoutsViewController.m */; };
		F9FD19E41F141FF300AB3FEE /* ADWorkoutsViewController.xib in Resources */ = {isa = PBXBuildFile; fileRef = F9FD19E21F141FF300AB3FEE /* ADWorkoutsViewController.xib */; };
		F9FD19E91F14746E00AB3FEE /* ADMuscleSplitViewController.m in Sources */ = {isa = PBXBuildFile; fileRef = F9FD19E71F14746E00AB3FEE /* ADMuscleSplitViewController.m */; };
		F9FD19EA1F14746E00AB3FEE /* ADMuscleSplitViewController.xib in Resources */ = {isa = PBXBuildFile; fileRef = F9FD19E81F14746E00AB3FEE /* ADMuscleSplitViewController.xib */; };
		F9FD19EF1F14748800AB3FEE /* ADExercisesViewController.m in Sources */ = {isa = PBXBuildFile; fileRef = F9FD19ED1F14748800AB3FEE /* ADExercisesViewController.m */; };
		F9FD19F01F14748800AB3FEE /* ADExercisesViewController.xib in Resources */ = {isa = PBXBuildFile; fileRef = F9FD19EE1F14748800AB3FEE /* ADExercisesViewController.xib */; };
		F9FD19F51F147F7600AB3FEE /* ADExercisesDetailViewController.m in Sources */ = {isa = PBXBuildFile; fileRef = F9FD19F31F147F7600AB3FEE /* ADExercisesDetailViewController.m */; };
		F9FD19F61F147F7600AB3FEE /* ADExercisesDetailViewController.xib in Resources */ = {isa = PBXBuildFile; fileRef = F9FD19F41F147F7600AB3FEE /* ADExercisesDetailViewController.xib */; };
/* End PBXBuildFile section */

/* Begin PBXContainerItemProxy section */
		F90712BB19415FB4008694E5 /* PBXContainerItemProxy */ = {
			isa = PBXContainerItemProxy;
			containerPortal = F907129919415FB0008694E5 /* Project object */;
			proxyType = 1;
			remoteGlobalIDString = F90712A019415FB0008694E5;
			remoteInfo = BenchTracker;
		};
/* End PBXContainerItemProxy section */

/* Begin PBXFileReference section */
		1746DDC55C14CBB644675063 /* Pods-BenchTracker.debug.xcconfig */ = {isa = PBXFileReference; includeInIndex = 1; lastKnownFileType = text.xcconfig; name = "Pods-BenchTracker.debug.xcconfig"; path = "Pods/Target Support Files/Pods-BenchTracker/Pods-BenchTracker.debug.xcconfig"; sourceTree = "<group>"; };
		2C3B197020A386DB147CEDEE /* Pods-BenchTrackerTests.release.xcconfig */ = {isa = PBXFileReference; includeInIndex = 1; lastKnownFileType = text.xcconfig; name = "Pods-BenchTrackerTests.release.xcconfig"; path = "Pods/Target Support Files/Pods-BenchTrackerTests/Pods-BenchTrackerTests.release.xcconfig"; sourceTree = "<group>"; };
		2C83D3A0EA46ECDF1788C990 /* Pods_BenchTracker.framework */ = {isa = PBXFileReference; explicitFileType = wrapper.framework; includeInIndex = 0; path = Pods_BenchTracker.framework; sourceTree = BUILT_PRODUCTS_DIR; };
		40B18DFBDA158AF111B21958 /* Pods_BenchTrackerTests.framework */ = {isa = PBXFileReference; explicitFileType = wrapper.framework; includeInIndex = 0; path = Pods_BenchTrackerTests.framework; sourceTree = BUILT_PRODUCTS_DIR; };
		791833EF2E04B86CA95AD6B3 /* Pods-BenchTracker.release.xcconfig */ = {isa = PBXFileReference; includeInIndex = 1; lastKnownFileType = text.xcconfig; name = "Pods-BenchTracker.release.xcconfig"; path = "Pods/Target Support Files/Pods-BenchTracker/Pods-BenchTracker.release.xcconfig"; sourceTree = "<group>"; };
		EABA566C7706F85FACB19B97 /* Pods-BenchTrackerTests.debug.xcconfig */ = {isa = PBXFileReference; includeInIndex = 1; lastKnownFileType = text.xcconfig; name = "Pods-BenchTrackerTests.debug.xcconfig"; path = "Pods/Target Support Files/Pods-BenchTrackerTests/Pods-BenchTrackerTests.debug.xcconfig"; sourceTree = "<group>"; };
		F90712A119415FB0008694E5 /* BenchTracker.app */ = {isa = PBXFileReference; explicitFileType = wrapper.application; includeInIndex = 0; path = BenchTracker.app; sourceTree = BUILT_PRODUCTS_DIR; };
		F90712A519415FB0008694E5 /* Info.plist */ = {isa = PBXFileReference; lastKnownFileType = text.plist.xml; path = Info.plist; sourceTree = "<group>"; };
		F90712A619415FB1008694E5 /* main.m */ = {isa = PBXFileReference; lastKnownFileType = sourcecode.c.objc; path = main.m; sourceTree = "<group>"; };
		F90712A819415FB1008694E5 /* AppDelegate.h */ = {isa = PBXFileReference; lastKnownFileType = sourcecode.c.h; path = AppDelegate.h; sourceTree = "<group>"; };
		F90712A919415FB1008694E5 /* AppDelegate.m */ = {isa = PBXFileReference; lastKnownFileType = sourcecode.c.objc; path = AppDelegate.m; sourceTree = "<group>"; };
		F90712B219415FB1008694E5 /* Base */ = {isa = PBXFileReference; lastKnownFileType = file.storyboard; name = Base; path = Base.lproj/Main.storyboard; sourceTree = "<group>"; };
		F90712B419415FB2008694E5 /* Images.xcassets */ = {isa = PBXFileReference; lastKnownFileType = folder.assetcatalog; path = Images.xcassets; sourceTree = "<group>"; };
		F90712BA19415FB4008694E5 /* BenchTrackerTests.xctest */ = {isa = PBXFileReference; explicitFileType = wrapper.cfbundle; includeInIndex = 0; path = BenchTrackerTests.xctest; sourceTree = BUILT_PRODUCTS_DIR; };
		F90712BF19415FB4008694E5 /* Info.plist */ = {isa = PBXFileReference; lastKnownFileType = text.plist.xml; path = Info.plist; sourceTree = "<group>"; };
		F90712C019415FB4008694E5 /* BenchTrackerTests.m */ = {isa = PBXFileReference; lastKnownFileType = sourcecode.c.objc; path = BenchTrackerTests.m; sourceTree = "<group>"; };
		F917BB4E1F0D24E500614AB1 /* BTPDFGenerator.h */ = {isa = PBXFileReference; fileEncoding = 4; lastKnownFileType = sourcecode.c.h; path = BTPDFGenerator.h; sourceTree = "<group>"; };
		F917BB4F1F0D24E500614AB1 /* BTPDFGenerator.m */ = {isa = PBXFileReference; fileEncoding = 4; lastKnownFileType = sourcecode.c.objc; path = BTPDFGenerator.m; sourceTree = "<group>"; };
		F917BB521F0D2AB200614AB1 /* BTWorkoutPDF.h */ = {isa = PBXFileReference; fileEncoding = 4; lastKnownFileType = sourcecode.c.h; path = BTWorkoutPDF.h; sourceTree = "<group>"; };
		F917BB531F0D2AB200614AB1 /* BTWorkoutPDF.m */ = {isa = PBXFileReference; fileEncoding = 4; lastKnownFileType = sourcecode.c.objc; path = BTWorkoutPDF.m; sourceTree = "<group>"; };
		F917BB561F0D2AC400614AB1 /* BTWorkoutPDF.xib */ = {isa = PBXFileReference; fileEncoding = 4; lastKnownFileType = file.xib; path = BTWorkoutPDF.xib; sourceTree = "<group>"; };
		F917BB581F0DA6AB00614AB1 /* BTJSONWorkout.h */ = {isa = PBXFileReference; fileEncoding = 4; lastKnownFileType = sourcecode.c.h; name = BTJSONWorkout.h; path = BenchTracker/BTJSONWorkout.h; sourceTree = "<group>"; };
		F917BB591F0DA6AB00614AB1 /* BTJSONWorkout.m */ = {isa = PBXFileReference; fileEncoding = 4; lastKnownFileType = sourcecode.c.objc; name = BTJSONWorkout.m; path = BenchTracker/BTJSONWorkout.m; sourceTree = "<group>"; };
		F917BB5B1F0DCA6A00614AB1 /* BTJSONWorkoutTemplate.h */ = {isa = PBXFileReference; fileEncoding = 4; lastKnownFileType = sourcecode.c.h; name = BTJSONWorkoutTemplate.h; path = BenchTracker/BTJSONWorkoutTemplate.h; sourceTree = "<group>"; };
		F917BB5C1F0DCA6A00614AB1 /* BTJSONWorkoutTemplate.m */ = {isa = PBXFileReference; fileEncoding = 4; lastKnownFileType = sourcecode.c.objc; name = BTJSONWorkoutTemplate.m; path = BenchTracker/BTJSONWorkoutTemplate.m; sourceTree = "<group>"; };
		F917BB5E1F0DD40200614AB1 /* QRDisplayViewController.h */ = {isa = PBXFileReference; fileEncoding = 4; lastKnownFileType = sourcecode.c.h; path = QRDisplayViewController.h; sourceTree = "<group>"; };
		F917BB5F1F0DD40200614AB1 /* QRDisplayViewController.m */ = {isa = PBXFileReference; fileEncoding = 4; lastKnownFileType = sourcecode.c.objc; path = QRDisplayViewController.m; sourceTree = "<group>"; };
		F917BB621F0DEA7C00614AB1 /* BTQRScannerViewController.h */ = {isa = PBXFileReference; fileEncoding = 4; lastKnownFileType = sourcecode.c.h; path = BTQRScannerViewController.h; sourceTree = "<group>"; };
		F917BB631F0DEA7C00614AB1 /* BTQRScannerViewController.m */ = {isa = PBXFileReference; fileEncoding = 4; lastKnownFileType = sourcecode.c.objc; path = BTQRScannerViewController.m; sourceTree = "<group>"; };
		F917BB661F0DEAE000614AB1 /* BTQRScannerViewController.xib */ = {isa = PBXFileReference; fileEncoding = 4; lastKnownFileType = file.xib; path = BTQRScannerViewController.xib; sourceTree = "<group>"; };
		F927D14D1F0C9BD70004CF3A /* IterationSelectionViewController.h */ = {isa = PBXFileReference; fileEncoding = 4; lastKnownFileType = sourcecode.c.h; path = IterationSelectionViewController.h; sourceTree = "<group>"; };
		F927D14E1F0C9BD70004CF3A /* IterationSelectionViewController.m */ = {isa = PBXFileReference; fileEncoding = 4; lastKnownFileType = sourcecode.c.objc; path = IterationSelectionViewController.m; sourceTree = "<group>"; };
		F927D1511F0C9DDB0004CF3A /* IterationTableViewCell.h */ = {isa = PBXFileReference; fileEncoding = 4; lastKnownFileType = sourcecode.c.h; path = IterationTableViewCell.h; sourceTree = "<group>"; };
		F927D1521F0C9DDB0004CF3A /* IterationTableViewCell.m */ = {isa = PBXFileReference; fileEncoding = 4; lastKnownFileType = sourcecode.c.objc; path = IterationTableViewCell.m; sourceTree = "<group>"; };
		F927D1531F0C9DDB0004CF3A /* IterationTableViewCell.xib */ = {isa = PBXFileReference; fileEncoding = 4; lastKnownFileType = file.xib; path = IterationTableViewCell.xib; sourceTree = "<group>"; };
		F9418F9C1F0433980083C3DC /* AddExerciseViewController.h */ = {isa = PBXFileReference; fileEncoding = 4; lastKnownFileType = sourcecode.c.h; path = AddExerciseViewController.h; sourceTree = "<group>"; };
		F9418F9D1F0433980083C3DC /* AddExerciseViewController.m */ = {isa = PBXFileReference; fileEncoding = 4; lastKnownFileType = sourcecode.c.objc; path = AddExerciseViewController.m; sourceTree = "<group>"; };
		F9418FA01F048B1E0083C3DC /* AddExerciseTableViewCell.h */ = {isa = PBXFileReference; fileEncoding = 4; lastKnownFileType = sourcecode.c.h; path = AddExerciseTableViewCell.h; sourceTree = "<group>"; };
		F9418FA11F048B1E0083C3DC /* AddExerciseTableViewCell.m */ = {isa = PBXFileReference; fileEncoding = 4; lastKnownFileType = sourcecode.c.objc; path = AddExerciseTableViewCell.m; sourceTree = "<group>"; };
		F9418FA21F048B1E0083C3DC /* AddExerciseTableViewCell.xib */ = {isa = PBXFileReference; fileEncoding = 4; lastKnownFileType = file.xib; path = AddExerciseTableViewCell.xib; sourceTree = "<group>"; };
		F9418FA61F04A4F80083C3DC /* ExerciseViewController.h */ = {isa = PBXFileReference; fileEncoding = 4; lastKnownFileType = sourcecode.c.h; path = ExerciseViewController.h; sourceTree = "<group>"; };
		F9418FA71F04A4F80083C3DC /* ExerciseViewController.m */ = {isa = PBXFileReference; fileEncoding = 4; lastKnownFileType = sourcecode.c.objc; path = ExerciseViewController.m; sourceTree = "<group>"; };
		F9418FAA1F04A94E0083C3DC /* ExerciseView.h */ = {isa = PBXFileReference; fileEncoding = 4; lastKnownFileType = sourcecode.c.h; path = ExerciseView.h; sourceTree = "<group>"; };
		F9418FAB1F04A94E0083C3DC /* ExerciseView.m */ = {isa = PBXFileReference; fileEncoding = 4; lastKnownFileType = sourcecode.c.objc; path = ExerciseView.m; sourceTree = "<group>"; };
		F9418FAE1F04A96C0083C3DC /* ExerciseView.xib */ = {isa = PBXFileReference; fileEncoding = 4; lastKnownFileType = file.xib; path = ExerciseView.xib; sourceTree = "<group>"; };
		F9418FB01F04C83F0083C3DC /* SetFlowLayout.h */ = {isa = PBXFileReference; fileEncoding = 4; lastKnownFileType = sourcecode.c.h; path = SetFlowLayout.h; sourceTree = "<group>"; };
		F9418FB11F04C83F0083C3DC /* SetFlowLayout.m */ = {isa = PBXFileReference; fileEncoding = 4; lastKnownFileType = sourcecode.c.objc; path = SetFlowLayout.m; sourceTree = "<group>"; };
		F9418FBA1F04CEE80083C3DC /* SetCollectionViewCell.h */ = {isa = PBXFileReference; fileEncoding = 4; lastKnownFileType = sourcecode.c.h; path = SetCollectionViewCell.h; sourceTree = "<group>"; };
		F9418FBB1F04CEE80083C3DC /* SetCollectionViewCell.m */ = {isa = PBXFileReference; fileEncoding = 4; lastKnownFileType = sourcecode.c.objc; path = SetCollectionViewCell.m; sourceTree = "<group>"; };
		F9418FBD1F04CEF80083C3DC /* SetCollectionViewCell.xib */ = {isa = PBXFileReference; fileEncoding = 4; lastKnownFileType = file.xib; path = SetCollectionViewCell.xib; sourceTree = "<group>"; };
		F94C89371F15448C006C6BDD /* ADPodiumView.h */ = {isa = PBXFileReference; fileEncoding = 4; lastKnownFileType = sourcecode.c.h; path = ADPodiumView.h; sourceTree = "<group>"; };
		F94C89381F15448C006C6BDD /* ADPodiumView.m */ = {isa = PBXFileReference; fileEncoding = 4; lastKnownFileType = sourcecode.c.objc; path = ADPodiumView.m; sourceTree = "<group>"; };
		F94C893A1F154498006C6BDD /* ADPodiumView.xib */ = {isa = PBXFileReference; fileEncoding = 4; lastKnownFileType = file.xib; path = ADPodiumView.xib; sourceTree = "<group>"; };
		F94C893D1F15B68D006C6BDD /* ADMuscleSplitTableViewCell.h */ = {isa = PBXFileReference; fileEncoding = 4; lastKnownFileType = sourcecode.c.h; path = ADMuscleSplitTableViewCell.h; sourceTree = "<group>"; };
		F94C893E1F15B68D006C6BDD /* ADMuscleSplitTableViewCell.m */ = {isa = PBXFileReference; fileEncoding = 4; lastKnownFileType = sourcecode.c.objc; path = ADMuscleSplitTableViewCell.m; sourceTree = "<group>"; };
		F94C893F1F15B68D006C6BDD /* ADMuscleSplitTableViewCell.xib */ = {isa = PBXFileReference; fileEncoding = 4; lastKnownFileType = file.xib; path = ADMuscleSplitTableViewCell.xib; sourceTree = "<group>"; };
		F94C89431F15D5B6006C6BDD /* BT1RMCalculator.h */ = {isa = PBXFileReference; fileEncoding = 4; lastKnownFileType = sourcecode.c.h; path = BT1RMCalculator.h; sourceTree = "<group>"; };
		F94C89441F15D5B6006C6BDD /* BT1RMCalculator.m */ = {isa = PBXFileReference; fileEncoding = 4; lastKnownFileType = sourcecode.c.objc; path = BT1RMCalculator.m; sourceTree = "<group>"; };
		F95F5CF41F08B54500A567FA /* SettingsViewController.h */ = {isa = PBXFileReference; fileEncoding = 4; lastKnownFileType = sourcecode.c.h; path = SettingsViewController.h; sourceTree = "<group>"; };
		F95F5CF51F08B54500A567FA /* SettingsViewController.m */ = {isa = PBXFileReference; fileEncoding = 4; lastKnownFileType = sourcecode.c.objc; path = SettingsViewController.m; sourceTree = "<group>"; };
		F95F932D1F02FC5000A19C4D /* TypeListModel.h */ = {isa = PBXFileReference; fileEncoding = 4; lastKnownFileType = sourcecode.c.h; path = TypeListModel.h; sourceTree = "<group>"; };
		F95F932E1F02FC5000A19C4D /* TypeListModel.m */ = {isa = PBXFileReference; fileEncoding = 4; lastKnownFileType = sourcecode.c.objc; path = TypeListModel.m; sourceTree = "<group>"; };
		F95F93311F03410500A19C4D /* BTAWSUser.h */ = {isa = PBXFileReference; fileEncoding = 4; lastKnownFileType = sourcecode.c.h; name = BTAWSUser.h; path = BenchTracker/BTAWSUser.h; sourceTree = "<group>"; };
		F95F93321F03410500A19C4D /* BTAWSUser.m */ = {isa = PBXFileReference; fileEncoding = 4; lastKnownFileType = sourcecode.c.objc; name = BTAWSUser.m; path = BenchTracker/BTAWSUser.m; sourceTree = "<group>"; };
		F95F93351F03426F00A19C4D /* BTUserManager.h */ = {isa = PBXFileReference; fileEncoding = 4; lastKnownFileType = sourcecode.c.h; path = BTUserManager.h; sourceTree = "<group>"; };
		F95F93361F03426F00A19C4D /* BTUserManager.m */ = {isa = PBXFileReference; fileEncoding = 4; lastKnownFileType = sourcecode.c.objc; path = BTUserManager.m; sourceTree = "<group>"; };
		F95F93391F034DA500A19C4D /* MainViewController.h */ = {isa = PBXFileReference; fileEncoding = 4; lastKnownFileType = sourcecode.c.h; path = MainViewController.h; sourceTree = "<group>"; };
		F95F933A1F034DA500A19C4D /* MainViewController.m */ = {isa = PBXFileReference; fileEncoding = 4; lastKnownFileType = sourcecode.c.objc; path = MainViewController.m; sourceTree = "<group>"; };
		F95F933C1F034FA300A19C4D /* LoginViewController.h */ = {isa = PBXFileReference; fileEncoding = 4; lastKnownFileType = sourcecode.c.h; path = LoginViewController.h; sourceTree = "<group>"; };
		F95F933D1F034FA300A19C4D /* LoginViewController.m */ = {isa = PBXFileReference; fileEncoding = 4; lastKnownFileType = sourcecode.c.objc; path = LoginViewController.m; sourceTree = "<group>"; };
		F95F933F1F03713200A19C4D /* BTAWSWorkout.h */ = {isa = PBXFileReference; fileEncoding = 4; lastKnownFileType = sourcecode.c.h; name = BTAWSWorkout.h; path = BenchTracker/BTAWSWorkout.h; sourceTree = "<group>"; };
		F95F93401F03713200A19C4D /* BTAWSWorkout.m */ = {isa = PBXFileReference; fileEncoding = 4; lastKnownFileType = sourcecode.c.objc; name = BTAWSWorkout.m; path = BenchTracker/BTAWSWorkout.m; sourceTree = "<group>"; };
		F95F93421F03738B00A19C4D /* WorkoutViewController.h */ = {isa = PBXFileReference; fileEncoding = 4; lastKnownFileType = sourcecode.c.h; path = WorkoutViewController.h; sourceTree = "<group>"; };
		F95F93431F03738B00A19C4D /* WorkoutViewController.m */ = {isa = PBXFileReference; fileEncoding = 4; lastKnownFileType = sourcecode.c.objc; path = WorkoutViewController.m; sourceTree = "<group>"; };
		F95F93491F037C9500A19C4D /* BTWorkoutManager.h */ = {isa = PBXFileReference; fileEncoding = 4; lastKnownFileType = sourcecode.c.h; path = BTWorkoutManager.h; sourceTree = "<group>"; };
		F95F934A1F037C9500A19C4D /* BTWorkoutManager.m */ = {isa = PBXFileReference; fileEncoding = 4; lastKnownFileType = sourcecode.c.objc; path = BTWorkoutManager.m; sourceTree = "<group>"; };
		F962076E1F05DCF200DE2330 /* ExerciseTableViewCell.h */ = {isa = PBXFileReference; fileEncoding = 4; lastKnownFileType = sourcecode.c.h; path = ExerciseTableViewCell.h; sourceTree = "<group>"; };
		F962076F1F05DCF200DE2330 /* ExerciseTableViewCell.m */ = {isa = PBXFileReference; fileEncoding = 4; lastKnownFileType = sourcecode.c.objc; path = ExerciseTableViewCell.m; sourceTree = "<group>"; };
		F96207701F05DCF200DE2330 /* ExerciseTableViewCell.xib */ = {isa = PBXFileReference; fileEncoding = 4; lastKnownFileType = file.xib; path = ExerciseTableViewCell.xib; sourceTree = "<group>"; };
		F9640BD31F080E590053C9C0 /* BTSettings+CoreDataClass.h */ = {isa = PBXFileReference; fileEncoding = 4; lastKnownFileType = sourcecode.c.h; name = "BTSettings+CoreDataClass.h"; path = "BenchTracker/BTSettings+CoreDataClass.h"; sourceTree = "<group>"; };
		F9640BD41F080E590053C9C0 /* BTSettings+CoreDataClass.m */ = {isa = PBXFileReference; fileEncoding = 4; lastKnownFileType = sourcecode.c.objc; name = "BTSettings+CoreDataClass.m"; path = "BenchTracker/BTSettings+CoreDataClass.m"; sourceTree = "<group>"; };
		F9640BD51F080E590053C9C0 /* BTSettings+CoreDataProperties.h */ = {isa = PBXFileReference; fileEncoding = 4; lastKnownFileType = sourcecode.c.h; name = "BTSettings+CoreDataProperties.h"; path = "BenchTracker/BTSettings+CoreDataProperties.h"; sourceTree = "<group>"; };
		F9640BD61F080E590053C9C0 /* BTSettings+CoreDataProperties.m */ = {isa = PBXFileReference; fileEncoding = 4; lastKnownFileType = sourcecode.c.objc; name = "BTSettings+CoreDataProperties.m"; path = "BenchTracker/BTSettings+CoreDataProperties.m"; sourceTree = "<group>"; };
		F97773DE1F1726A2009AEDE3 /* ADExerciseTypeTableViewCell.h */ = {isa = PBXFileReference; fileEncoding = 4; lastKnownFileType = sourcecode.c.h; path = ADExerciseTypeTableViewCell.h; sourceTree = "<group>"; };
		F97773DF1F1726A2009AEDE3 /* ADExerciseTypeTableViewCell.m */ = {isa = PBXFileReference; fileEncoding = 4; lastKnownFileType = sourcecode.c.objc; path = ADExerciseTypeTableViewCell.m; sourceTree = "<group>"; };
		F97773E01F1726A2009AEDE3 /* ADExerciseTypeTableViewCell.xib */ = {isa = PBXFileReference; fileEncoding = 4; lastKnownFileType = file.xib; path = ADExerciseTypeTableViewCell.xib; sourceTree = "<group>"; };
		F97B1C9F1F09759000B3EEC7 /* WeekdayTableViewCell.h */ = {isa = PBXFileReference; fileEncoding = 4; lastKnownFileType = sourcecode.c.h; path = WeekdayTableViewCell.h; sourceTree = "<group>"; };
		F97B1CA01F09759000B3EEC7 /* WeekdayTableViewCell.m */ = {isa = PBXFileReference; fileEncoding = 4; lastKnownFileType = sourcecode.c.objc; path = WeekdayTableViewCell.m; sourceTree = "<group>"; };
		F97B1CA11F09759000B3EEC7 /* WeekdayTableViewCell.xib */ = {isa = PBXFileReference; fileEncoding = 4; lastKnownFileType = file.xib; path = WeekdayTableViewCell.xib; sourceTree = "<group>"; };
		F97B1CA51F097D8A00B3EEC7 /* WeekdayView.h */ = {isa = PBXFileReference; fileEncoding = 4; lastKnownFileType = sourcecode.c.h; path = WeekdayView.h; sourceTree = "<group>"; };
		F97B1CA61F097D8A00B3EEC7 /* WeekdayView.m */ = {isa = PBXFileReference; fileEncoding = 4; lastKnownFileType = sourcecode.c.objc; path = WeekdayView.m; sourceTree = "<group>"; };
		F97B1CA91F097DA600B3EEC7 /* WeekdayView.xib */ = {isa = PBXFileReference; fileEncoding = 4; lastKnownFileType = file.xib; path = WeekdayView.xib; sourceTree = "<group>"; };
		F97B1CAB1F09F67300B3EEC7 /* ExerciseModel.h */ = {isa = PBXFileReference; fileEncoding = 4; lastKnownFileType = sourcecode.c.h; path = ExerciseModel.h; sourceTree = "<group>"; };
		F97B1CAC1F09F67300B3EEC7 /* ExerciseModel.m */ = {isa = PBXFileReference; fileEncoding = 4; lastKnownFileType = sourcecode.c.objc; path = ExerciseModel.m; sourceTree = "<group>"; };
		F981D5881F022D9A00E7B456 /* Base */ = {isa = PBXFileReference; lastKnownFileType = file.xib; name = Base; path = Base.lproj/LaunchScreen.xib; sourceTree = "<group>"; };
		F9A5493E1F13064400743897 /* BTAnalyticsBarChart.h */ = {isa = PBXFileReference; fileEncoding = 4; lastKnownFileType = sourcecode.c.h; path = BTAnalyticsBarChart.h; sourceTree = "<group>"; };
		F9A5493F1F13064400743897 /* BTAnalyticsBarChart.m */ = {isa = PBXFileReference; fileEncoding = 4; lastKnownFileType = sourcecode.c.objc; path = BTAnalyticsBarChart.m; sourceTree = "<group>"; };
		F9A549411F13065000743897 /* BTAnalyticsLineChart.h */ = {isa = PBXFileReference; fileEncoding = 4; lastKnownFileType = sourcecode.c.h; path = BTAnalyticsLineChart.h; sourceTree = "<group>"; };
		F9A549421F13065000743897 /* BTAnalyticsLineChart.m */ = {isa = PBXFileReference; fileEncoding = 4; lastKnownFileType = sourcecode.c.objc; path = BTAnalyticsLineChart.m; sourceTree = "<group>"; };
		F9A549441F13065500743897 /* BTAnalyticsPieChart.h */ = {isa = PBXFileReference; fileEncoding = 4; lastKnownFileType = sourcecode.c.h; path = BTAnalyticsPieChart.h; sourceTree = "<group>"; };
		F9A549451F13065500743897 /* BTAnalyticsPieChart.m */ = {isa = PBXFileReference; fileEncoding = 4; lastKnownFileType = sourcecode.c.objc; path = BTAnalyticsPieChart.m; sourceTree = "<group>"; };
		F9A5494A1F13067B00743897 /* BTRecentWorkoutsManager.h */ = {isa = PBXFileReference; fileEncoding = 4; lastKnownFileType = sourcecode.c.h; path = BTRecentWorkoutsManager.h; sourceTree = "<group>"; };
		F9A5494B1F13067B00743897 /* BTRecentWorkoutsManager.m */ = {isa = PBXFileReference; fileEncoding = 4; lastKnownFileType = sourcecode.c.objc; path = BTRecentWorkoutsManager.m; sourceTree = "<group>"; };
		F9A5494F1F134A3100743897 /* AnalyticsDetailViewController.h */ = {isa = PBXFileReference; fileEncoding = 4; lastKnownFileType = sourcecode.c.h; path = AnalyticsDetailViewController.h; sourceTree = "<group>"; };
		F9A549501F134A3100743897 /* AnalyticsDetailViewController.m */ = {isa = PBXFileReference; fileEncoding = 4; lastKnownFileType = sourcecode.c.objc; path = AnalyticsDetailViewController.m; sourceTree = "<group>"; };
		F9AF067B1F07535C003A2200 /* WorkoutTableViewCell.h */ = {isa = PBXFileReference; fileEncoding = 4; lastKnownFileType = sourcecode.c.h; path = WorkoutTableViewCell.h; sourceTree = "<group>"; };
		F9AF067C1F07535C003A2200 /* WorkoutTableViewCell.m */ = {isa = PBXFileReference; fileEncoding = 4; lastKnownFileType = sourcecode.c.objc; path = WorkoutTableViewCell.m; sourceTree = "<group>"; };
		F9AF067D1F07535C003A2200 /* WorkoutTableViewCell.xib */ = {isa = PBXFileReference; fileEncoding = 4; lastKnownFileType = file.xib; path = WorkoutTableViewCell.xib; sourceTree = "<group>"; };
		F9AF06811F07596F003A2200 /* BTStackedBarView.h */ = {isa = PBXFileReference; fileEncoding = 4; lastKnownFileType = sourcecode.c.h; path = BTStackedBarView.h; sourceTree = "<group>"; };
		F9AF06821F07596F003A2200 /* BTStackedBarView.m */ = {isa = PBXFileReference; fileEncoding = 4; lastKnownFileType = sourcecode.c.objc; path = BTStackedBarView.m; sourceTree = "<group>"; };
		F9B27CDF1F1170F5008FCC7F /* StickCollectionViewFlowLayout.h */ = {isa = PBXFileReference; fileEncoding = 4; lastKnownFileType = sourcecode.c.h; name = StickCollectionViewFlowLayout.h; path = "Third Party/StickCollectionViewFlowLayout.h"; sourceTree = "<group>"; };
		F9B27CE01F1170F5008FCC7F /* StickCollectionViewFlowLayout.m */ = {isa = PBXFileReference; fileEncoding = 4; lastKnownFileType = sourcecode.c.objc; name = StickCollectionViewFlowLayout.m; path = "Third Party/StickCollectionViewFlowLayout.m"; sourceTree = "<group>"; };
		F9B27CE21F117852008FCC7F /* AnalyticsCollectionViewCell.h */ = {isa = PBXFileReference; fileEncoding = 4; lastKnownFileType = sourcecode.c.h; path = AnalyticsCollectionViewCell.h; sourceTree = "<group>"; };
		F9B27CE31F117852008FCC7F /* AnalyticsCollectionViewCell.m */ = {isa = PBXFileReference; fileEncoding = 4; lastKnownFileType = sourcecode.c.objc; path = AnalyticsCollectionViewCell.m; sourceTree = "<group>"; };
		F9B27CE41F117852008FCC7F /* AnalyticsCollectionViewCell.xib */ = {isa = PBXFileReference; fileEncoding = 4; lastKnownFileType = file.xib; path = AnalyticsCollectionViewCell.xib; sourceTree = "<group>"; };
		F9B7D7D51F06303700376201 /* PassTouchesView.h */ = {isa = PBXFileReference; fileEncoding = 4; lastKnownFileType = sourcecode.c.h; path = PassTouchesView.h; sourceTree = "<group>"; };
		F9B7D7D61F06303700376201 /* passTouchesView.m */ = {isa = PBXFileReference; fileEncoding = 4; lastKnownFileType = sourcecode.c.objc; path = passTouchesView.m; sourceTree = "<group>"; };
		F9C2406B1F17D94900A268F3 /* ADEDExerciseTableViewCell.h */ = {isa = PBXFileReference; fileEncoding = 4; lastKnownFileType = sourcecode.c.h; path = ADEDExerciseTableViewCell.h; sourceTree = "<group>"; };
		F9C2406C1F17D94900A268F3 /* ADEDExerciseTableViewCell.m */ = {isa = PBXFileReference; fileEncoding = 4; lastKnownFileType = sourcecode.c.objc; path = ADEDExerciseTableViewCell.m; sourceTree = "<group>"; };
		F9C2406D1F17D94900A268F3 /* ADEDExerciseTableViewCell.xib */ = {isa = PBXFileReference; fileEncoding = 4; lastKnownFileType = file.xib; path = ADEDExerciseTableViewCell.xib; sourceTree = "<group>"; };
		F9C240711F17F9B300A268F3 /* UIColor+BTColors.h */ = {isa = PBXFileReference; fileEncoding = 4; lastKnownFileType = sourcecode.c.h; path = "UIColor+BTColors.h"; sourceTree = "<group>"; };
		F9C240721F17F9B300A268F3 /* UIColor+BTColors.m */ = {isa = PBXFileReference; fileEncoding = 4; lastKnownFileType = sourcecode.c.objc; path = "UIColor+BTColors.m"; sourceTree = "<group>"; };
		F9C240751F183D0B00A268F3 /* BenchTrackerPrefixHeader.pch */ = {isa = PBXFileReference; lastKnownFileType = sourcecode.c.h; path = BenchTrackerPrefixHeader.pch; sourceTree = "<group>"; };
		F9DA75101F02DC1700347B0D /* BTDataModel.xcdatamodel */ = {isa = PBXFileReference; lastKnownFileType = wrapper.xcdatamodel; path = BTDataModel.xcdatamodel; sourceTree = "<group>"; };
		F9DA75121F02EE9600347B0D /* BTUser+CoreDataClass.h */ = {isa = PBXFileReference; fileEncoding = 4; lastKnownFileType = sourcecode.c.h; name = "BTUser+CoreDataClass.h"; path = "BenchTracker/BTUser+CoreDataClass.h"; sourceTree = "<group>"; };
		F9DA75131F02EE9600347B0D /* BTUser+CoreDataClass.m */ = {isa = PBXFileReference; fileEncoding = 4; lastKnownFileType = sourcecode.c.objc; name = "BTUser+CoreDataClass.m"; path = "BenchTracker/BTUser+CoreDataClass.m"; sourceTree = "<group>"; };
		F9DA75141F02EE9600347B0D /* BTUser+CoreDataProperties.h */ = {isa = PBXFileReference; fileEncoding = 4; lastKnownFileType = sourcecode.c.h; name = "BTUser+CoreDataProperties.h"; path = "BenchTracker/BTUser+CoreDataProperties.h"; sourceTree = "<group>"; };
		F9DA75151F02EE9600347B0D /* BTUser+CoreDataProperties.m */ = {isa = PBXFileReference; fileEncoding = 4; lastKnownFileType = sourcecode.c.objc; name = "BTUser+CoreDataProperties.m"; path = "BenchTracker/BTUser+CoreDataProperties.m"; sourceTree = "<group>"; };
		F9DA75161F02EE9600347B0D /* BTExercise+CoreDataClass.h */ = {isa = PBXFileReference; fileEncoding = 4; lastKnownFileType = sourcecode.c.h; name = "BTExercise+CoreDataClass.h"; path = "BenchTracker/BTExercise+CoreDataClass.h"; sourceTree = "<group>"; };
		F9DA75171F02EE9600347B0D /* BTExercise+CoreDataClass.m */ = {isa = PBXFileReference; fileEncoding = 4; lastKnownFileType = sourcecode.c.objc; name = "BTExercise+CoreDataClass.m"; path = "BenchTracker/BTExercise+CoreDataClass.m"; sourceTree = "<group>"; };
		F9DA75181F02EE9600347B0D /* BTExercise+CoreDataProperties.h */ = {isa = PBXFileReference; fileEncoding = 4; lastKnownFileType = sourcecode.c.h; name = "BTExercise+CoreDataProperties.h"; path = "BenchTracker/BTExercise+CoreDataProperties.h"; sourceTree = "<group>"; };
		F9DA75191F02EE9600347B0D /* BTExercise+CoreDataProperties.m */ = {isa = PBXFileReference; fileEncoding = 4; lastKnownFileType = sourcecode.c.objc; name = "BTExercise+CoreDataProperties.m"; path = "BenchTracker/BTExercise+CoreDataProperties.m"; sourceTree = "<group>"; };
		F9DA751A1F02EE9600347B0D /* BTExerciseType+CoreDataClass.h */ = {isa = PBXFileReference; fileEncoding = 4; lastKnownFileType = sourcecode.c.h; name = "BTExerciseType+CoreDataClass.h"; path = "BenchTracker/BTExerciseType+CoreDataClass.h"; sourceTree = "<group>"; };
		F9DA751B1F02EE9600347B0D /* BTExerciseType+CoreDataClass.m */ = {isa = PBXFileReference; fileEncoding = 4; lastKnownFileType = sourcecode.c.objc; name = "BTExerciseType+CoreDataClass.m"; path = "BenchTracker/BTExerciseType+CoreDataClass.m"; sourceTree = "<group>"; };
		F9DA751C1F02EE9600347B0D /* BTExerciseType+CoreDataProperties.h */ = {isa = PBXFileReference; fileEncoding = 4; lastKnownFileType = sourcecode.c.h; name = "BTExerciseType+CoreDataProperties.h"; path = "BenchTracker/BTExerciseType+CoreDataProperties.h"; sourceTree = "<group>"; };
		F9DA751D1F02EE9600347B0D /* BTExerciseType+CoreDataProperties.m */ = {isa = PBXFileReference; fileEncoding = 4; lastKnownFileType = sourcecode.c.objc; name = "BTExerciseType+CoreDataProperties.m"; path = "BenchTracker/BTExerciseType+CoreDataProperties.m"; sourceTree = "<group>"; };
		F9DA751E1F02EE9600347B0D /* BTWorkout+CoreDataClass.h */ = {isa = PBXFileReference; fileEncoding = 4; lastKnownFileType = sourcecode.c.h; name = "BTWorkout+CoreDataClass.h"; path = "BenchTracker/BTWorkout+CoreDataClass.h"; sourceTree = "<group>"; };
		F9DA751F1F02EE9600347B0D /* BTWorkout+CoreDataClass.m */ = {isa = PBXFileReference; fileEncoding = 4; lastKnownFileType = sourcecode.c.objc; name = "BTWorkout+CoreDataClass.m"; path = "BenchTracker/BTWorkout+CoreDataClass.m"; sourceTree = "<group>"; };
		F9DA75201F02EE9600347B0D /* BTWorkout+CoreDataProperties.h */ = {isa = PBXFileReference; fileEncoding = 4; lastKnownFileType = sourcecode.c.h; name = "BTWorkout+CoreDataProperties.h"; path = "BenchTracker/BTWorkout+CoreDataProperties.h"; sourceTree = "<group>"; };
		F9DA75211F02EE9600347B0D /* BTWorkout+CoreDataProperties.m */ = {isa = PBXFileReference; fileEncoding = 4; lastKnownFileType = sourcecode.c.objc; name = "BTWorkout+CoreDataProperties.m"; path = "BenchTracker/BTWorkout+CoreDataProperties.m"; sourceTree = "<group>"; };
		F9DA75311F02F0B800347B0D /* BTTypeListManager.h */ = {isa = PBXFileReference; fileEncoding = 4; lastKnownFileType = sourcecode.c.h; path = BTTypeListManager.h; sourceTree = "<group>"; };
		F9DA75321F02F0B800347B0D /* BTTypeListManager.m */ = {isa = PBXFileReference; fileEncoding = 4; lastKnownFileType = sourcecode.c.objc; path = BTTypeListManager.m; sourceTree = "<group>"; };
		F9DA75341F02F64D00347B0D /* BenchTrackerKeys.h */ = {isa = PBXFileReference; lastKnownFileType = sourcecode.c.h; path = BenchTrackerKeys.h; sourceTree = "<group>"; };
		F9F442121F0EA96D008D4956 /* AnalyticsViewController.h */ = {isa = PBXFileReference; fileEncoding = 4; lastKnownFileType = sourcecode.c.h; path = AnalyticsViewController.h; sourceTree = "<group>"; };
		F9F442131F0EA96D008D4956 /* AnalyticsViewController.m */ = {isa = PBXFileReference; fileEncoding = 4; lastKnownFileType = sourcecode.c.objc; path = AnalyticsViewController.m; sourceTree = "<group>"; };
		F9FA47241F0B39D700A4AF98 /* WorkoutSelectionViewController.h */ = {isa = PBXFileReference; fileEncoding = 4; lastKnownFileType = sourcecode.c.h; path = WorkoutSelectionViewController.h; sourceTree = "<group>"; };
		F9FA47251F0B39D700A4AF98 /* WorkoutSelectionViewController.m */ = {isa = PBXFileReference; fileEncoding = 4; lastKnownFileType = sourcecode.c.objc; path = WorkoutSelectionViewController.m; sourceTree = "<group>"; };
		F9FD19E01F141FF300AB3FEE /* ADWorkoutsViewController.h */ = {isa = PBXFileReference; fileEncoding = 4; lastKnownFileType = sourcecode.c.h; path = ADWorkoutsViewController.h; sourceTree = "<group>"; };
		F9FD19E11F141FF300AB3FEE /* ADWorkoutsViewController.m */ = {isa = PBXFileReference; fileEncoding = 4; lastKnownFileType = sourcecode.c.objc; path = ADWorkoutsViewController.m; sourceTree = "<group>"; };
		F9FD19E21F141FF300AB3FEE /* ADWorkoutsViewController.xib */ = {isa = PBXFileReference; fileEncoding = 4; lastKnownFileType = file.xib; path = ADWorkoutsViewController.xib; sourceTree = "<group>"; };
		F9FD19E61F14746E00AB3FEE /* ADMuscleSplitViewController.h */ = {isa = PBXFileReference; fileEncoding = 4; lastKnownFileType = sourcecode.c.h; path = ADMuscleSplitViewController.h; sourceTree = "<group>"; };
		F9FD19E71F14746E00AB3FEE /* ADMuscleSplitViewController.m */ = {isa = PBXFileReference; fileEncoding = 4; lastKnownFileType = sourcecode.c.objc; path = ADMuscleSplitViewController.m; sourceTree = "<group>"; };
		F9FD19E81F14746E00AB3FEE /* ADMuscleSplitViewController.xib */ = {isa = PBXFileReference; fileEncoding = 4; lastKnownFileType = file.xib; path = ADMuscleSplitViewController.xib; sourceTree = "<group>"; };
		F9FD19EC1F14748800AB3FEE /* ADExercisesViewController.h */ = {isa = PBXFileReference; fileEncoding = 4; lastKnownFileType = sourcecode.c.h; path = ADExercisesViewController.h; sourceTree = "<group>"; };
		F9FD19ED1F14748800AB3FEE /* ADExercisesViewController.m */ = {isa = PBXFileReference; fileEncoding = 4; lastKnownFileType = sourcecode.c.objc; path = ADExercisesViewController.m; sourceTree = "<group>"; };
		F9FD19EE1F14748800AB3FEE /* ADExercisesViewController.xib */ = {isa = PBXFileReference; fileEncoding = 4; lastKnownFileType = file.xib; path = ADExercisesViewController.xib; sourceTree = "<group>"; };
		F9FD19F21F147F7600AB3FEE /* ADExercisesDetailViewController.h */ = {isa = PBXFileReference; fileEncoding = 4; lastKnownFileType = sourcecode.c.h; path = ADExercisesDetailViewController.h; sourceTree = "<group>"; };
		F9FD19F31F147F7600AB3FEE /* ADExercisesDetailViewController.m */ = {isa = PBXFileReference; fileEncoding = 4; lastKnownFileType = sourcecode.c.objc; path = ADExercisesDetailViewController.m; sourceTree = "<group>"; };
		F9FD19F41F147F7600AB3FEE /* ADExercisesDetailViewController.xib */ = {isa = PBXFileReference; fileEncoding = 4; lastKnownFileType = file.xib; path = ADExercisesDetailViewController.xib; sourceTree = "<group>"; };
/* End PBXFileReference section */

/* Begin PBXFrameworksBuildPhase section */
		F907129E19415FB0008694E5 /* Frameworks */ = {
			isa = PBXFrameworksBuildPhase;
			buildActionMask = 2147483647;
			files = (
				6FF44576CFF404C6C4707802 /* Pods_BenchTracker.framework in Frameworks */,
			);
			runOnlyForDeploymentPostprocessing = 0;
		};
		F90712B719415FB4008694E5 /* Frameworks */ = {
			isa = PBXFrameworksBuildPhase;
			buildActionMask = 2147483647;
			files = (
				F77B8D13565A4E6664DC71A8 /* Pods_BenchTrackerTests.framework in Frameworks */,
			);
			runOnlyForDeploymentPostprocessing = 0;
		};
/* End PBXFrameworksBuildPhase section */

/* Begin PBXGroup section */
		07B860C0B22B1DD50ACEC6C0 /* Pods */ = {
			isa = PBXGroup;
			children = (
				1746DDC55C14CBB644675063 /* Pods-BenchTracker.debug.xcconfig */,
				791833EF2E04B86CA95AD6B3 /* Pods-BenchTracker.release.xcconfig */,
				EABA566C7706F85FACB19B97 /* Pods-BenchTrackerTests.debug.xcconfig */,
				2C3B197020A386DB147CEDEE /* Pods-BenchTrackerTests.release.xcconfig */,
			);
			name = Pods;
			sourceTree = "<group>";
		};
		B57455EDB36A13EE7AEA1ED6 /* Frameworks */ = {
			isa = PBXGroup;
			children = (
				2C83D3A0EA46ECDF1788C990 /* Pods_BenchTracker.framework */,
				40B18DFBDA158AF111B21958 /* Pods_BenchTrackerTests.framework */,
			);
			name = Frameworks;
			sourceTree = "<group>";
		};
		F907129819415FB0008694E5 = {
			isa = PBXGroup;
			children = (
				F90712A319415FB0008694E5 /* BenchTracker */,
				F90712BD19415FB4008694E5 /* BenchTrackerTests */,
				F90712A219415FB0008694E5 /* Products */,
				07B860C0B22B1DD50ACEC6C0 /* Pods */,
				F9B27CDE1F1170E0008FCC7F /* Third Party */,
				B57455EDB36A13EE7AEA1ED6 /* Frameworks */,
			);
			sourceTree = "<group>";
		};
		F90712A219415FB0008694E5 /* Products */ = {
			isa = PBXGroup;
			children = (
				F90712A119415FB0008694E5 /* BenchTracker.app */,
				F90712BA19415FB4008694E5 /* BenchTrackerTests.xctest */,
			);
			name = Products;
			sourceTree = "<group>";
		};
		F90712A319415FB0008694E5 /* BenchTracker */ = {
			isa = PBXGroup;
			children = (
				F9DA752F1F02F08D00347B0D /* Classes */,
				F95F93481F0373AA00A19C4D /* View Controllers */,
				F90712A819415FB1008694E5 /* AppDelegate.h */,
				F90712A919415FB1008694E5 /* AppDelegate.m */,
				F90712B119415FB1008694E5 /* Main.storyboard */,
				F9DA750F1F02DC1700347B0D /* BTDataModel.xcdatamodeld */,
				F90712A419415FB0008694E5 /* Supporting Files */,
			);
			path = BenchTracker;
			sourceTree = "<group>";
		};
		F90712A419415FB0008694E5 /* Supporting Files */ = {
			isa = PBXGroup;
			children = (
				F9C240751F183D0B00A268F3 /* BenchTrackerPrefixHeader.pch */,
				F9DA75341F02F64D00347B0D /* BenchTrackerKeys.h */,
				F90712A519415FB0008694E5 /* Info.plist */,
				F90712B419415FB2008694E5 /* Images.xcassets */,
				F981D5871F022D9A00E7B456 /* LaunchScreen.xib */,
				F90712A619415FB1008694E5 /* main.m */,
			);
			name = "Supporting Files";
			sourceTree = "<group>";
		};
		F90712BD19415FB4008694E5 /* BenchTrackerTests */ = {
			isa = PBXGroup;
			children = (
				F90712C019415FB4008694E5 /* BenchTrackerTests.m */,
				F90712BE19415FB4008694E5 /* Supporting Files */,
			);
			path = BenchTrackerTests;
			sourceTree = "<group>";
		};
		F90712BE19415FB4008694E5 /* Supporting Files */ = {
			isa = PBXGroup;
			children = (
				F90712BF19415FB4008694E5 /* Info.plist */,
			);
			name = "Supporting Files";
			sourceTree = "<group>";
		};
		F917BB511F0D24EB00614AB1 /* PDF generator */ = {
			isa = PBXGroup;
			children = (
				F917BB4E1F0D24E500614AB1 /* BTPDFGenerator.h */,
				F917BB4F1F0D24E500614AB1 /* BTPDFGenerator.m */,
				F917BB551F0D2AB500614AB1 /* Workout PDF */,
			);
			name = "PDF generator";
			sourceTree = "<group>";
		};
		F917BB551F0D2AB500614AB1 /* Workout PDF */ = {
			isa = PBXGroup;
			children = (
				F917BB521F0D2AB200614AB1 /* BTWorkoutPDF.h */,
				F917BB531F0D2AB200614AB1 /* BTWorkoutPDF.m */,
				F917BB561F0D2AC400614AB1 /* BTWorkoutPDF.xib */,
			);
			name = "Workout PDF";
			sourceTree = "<group>";
		};
		F917BB611F0DD40500614AB1 /* QR display */ = {
			isa = PBXGroup;
			children = (
				F917BB5E1F0DD40200614AB1 /* QRDisplayViewController.h */,
				F917BB5F1F0DD40200614AB1 /* QRDisplayViewController.m */,
			);
			name = "QR display";
			sourceTree = "<group>";
		};
		F917BB651F0DEA9700614AB1 /* QR scanner */ = {
			isa = PBXGroup;
			children = (
				F917BB621F0DEA7C00614AB1 /* BTQRScannerViewController.h */,
				F917BB631F0DEA7C00614AB1 /* BTQRScannerViewController.m */,
				F917BB661F0DEAE000614AB1 /* BTQRScannerViewController.xib */,
			);
			name = "QR scanner";
			sourceTree = "<group>";
		};
		F927D1501F0C9BDA0004CF3A /* Iteration Selection */ = {
			isa = PBXGroup;
			children = (
				F927D14D1F0C9BD70004CF3A /* IterationSelectionViewController.h */,
				F927D14E1F0C9BD70004CF3A /* IterationSelectionViewController.m */,
				F927D1561F0C9DDE0004CF3A /* Iteration cell */,
			);
			name = "Iteration Selection";
			sourceTree = "<group>";
		};
		F927D1561F0C9DDE0004CF3A /* Iteration cell */ = {
			isa = PBXGroup;
			children = (
				F927D1511F0C9DDB0004CF3A /* IterationTableViewCell.h */,
				F927D1521F0C9DDB0004CF3A /* IterationTableViewCell.m */,
				F927D1531F0C9DDB0004CF3A /* IterationTableViewCell.xib */,
			);
			name = "Iteration cell";
			sourceTree = "<group>";
		};
		F9418F9F1F04339E0083C3DC /* Add Exercise */ = {
			isa = PBXGroup;
			children = (
				F9418F9C1F0433980083C3DC /* AddExerciseViewController.h */,
				F9418F9D1F0433980083C3DC /* AddExerciseViewController.m */,
				F927D1501F0C9BDA0004CF3A /* Iteration Selection */,
				F9418FA51F048B230083C3DC /* Add Exercise cell */,
			);
			name = "Add Exercise";
			sourceTree = "<group>";
		};
		F9418FA51F048B230083C3DC /* Add Exercise cell */ = {
			isa = PBXGroup;
			children = (
				F9418FA01F048B1E0083C3DC /* AddExerciseTableViewCell.h */,
				F9418FA11F048B1E0083C3DC /* AddExerciseTableViewCell.m */,
				F9418FA21F048B1E0083C3DC /* AddExerciseTableViewCell.xib */,
			);
			name = "Add Exercise cell";
			sourceTree = "<group>";
		};
		F9418FA91F04A50C0083C3DC /* Exercise */ = {
			isa = PBXGroup;
			children = (
				F9418FA61F04A4F80083C3DC /* ExerciseViewController.h */,
				F9418FA71F04A4F80083C3DC /* ExerciseViewController.m */,
				F9418FAD1F04A9530083C3DC /* Exercise View */,
			);
			name = Exercise;
			sourceTree = "<group>";
		};
		F9418FAD1F04A9530083C3DC /* Exercise View */ = {
			isa = PBXGroup;
			children = (
				F9418FAA1F04A94E0083C3DC /* ExerciseView.h */,
				F9418FAB1F04A94E0083C3DC /* ExerciseView.m */,
				F9418FAE1F04A96C0083C3DC /* ExerciseView.xib */,
				F9418FB91F04CC4A0083C3DC /* Set CVC */,
				F9418FB31F04C8430083C3DC /* Set Flow Layout */,
			);
			name = "Exercise View";
			sourceTree = "<group>";
		};
		F9418FB31F04C8430083C3DC /* Set Flow Layout */ = {
			isa = PBXGroup;
			children = (
				F9418FB01F04C83F0083C3DC /* SetFlowLayout.h */,
				F9418FB11F04C83F0083C3DC /* SetFlowLayout.m */,
			);
			name = "Set Flow Layout";
			sourceTree = "<group>";
		};
		F9418FB91F04CC4A0083C3DC /* Set CVC */ = {
			isa = PBXGroup;
			children = (
				F9418FBA1F04CEE80083C3DC /* SetCollectionViewCell.h */,
				F9418FBB1F04CEE80083C3DC /* SetCollectionViewCell.m */,
				F9418FBD1F04CEF80083C3DC /* SetCollectionViewCell.xib */,
			);
			name = "Set CVC";
			sourceTree = "<group>";
		};
		F94C893C1F1544B5006C6BDD /* Podium view */ = {
			isa = PBXGroup;
			children = (
				F94C89371F15448C006C6BDD /* ADPodiumView.h */,
				F94C89381F15448C006C6BDD /* ADPodiumView.m */,
				F94C893A1F154498006C6BDD /* ADPodiumView.xib */,
			);
			name = "Podium view";
			sourceTree = "<group>";
		};
		F94C89421F15B690006C6BDD /* Muscle split cell */ = {
			isa = PBXGroup;
			children = (
				F94C893D1F15B68D006C6BDD /* ADMuscleSplitTableViewCell.h */,
				F94C893E1F15B68D006C6BDD /* ADMuscleSplitTableViewCell.m */,
				F94C893F1F15B68D006C6BDD /* ADMuscleSplitTableViewCell.xib */,
			);
			name = "Muscle split cell";
			sourceTree = "<group>";
		};
		F94C89461F15D5BC006C6BDD /* 1RM calculator */ = {
			isa = PBXGroup;
			children = (
				F94C89431F15D5B6006C6BDD /* BT1RMCalculator.h */,
				F94C89441F15D5B6006C6BDD /* BT1RMCalculator.m */,
			);
			name = "1RM calculator";
			sourceTree = "<group>";
		};
		F94C89471F15D5C5006C6BDD /* Utility */ = {
			isa = PBXGroup;
			children = (
				F94C89461F15D5BC006C6BDD /* 1RM calculator */,
				F9C240741F17FA7800A268F3 /* BTColor extension */,
			);
			name = Utility;
			sourceTree = "<group>";
		};
		F95F5CF71F08B55700A567FA /* Settings */ = {
			isa = PBXGroup;
			children = (
				F95F5CF41F08B54500A567FA /* SettingsViewController.h */,
				F95F5CF51F08B54500A567FA /* SettingsViewController.m */,
			);
			name = Settings;
			sourceTree = "<group>";
		};
		F95F93301F02FC5600A19C4D /* TypeListModel */ = {
			isa = PBXGroup;
			children = (
				F95F932D1F02FC5000A19C4D /* TypeListModel.h */,
				F95F932E1F02FC5000A19C4D /* TypeListModel.m */,
			);
			name = TypeListModel;
			sourceTree = "<group>";
		};
		F95F93341F03425000A19C4D /* TypeListManager */ = {
			isa = PBXGroup;
			children = (
				F9DA75311F02F0B800347B0D /* BTTypeListManager.h */,
				F9DA75321F02F0B800347B0D /* BTTypeListManager.m */,
				F95F93301F02FC5600A19C4D /* TypeListModel */,
			);
			name = TypeListManager;
			sourceTree = "<group>";
		};
		F95F93381F03427400A19C4D /* UserManager */ = {
			isa = PBXGroup;
			children = (
				F95F93351F03426F00A19C4D /* BTUserManager.h */,
				F95F93361F03426F00A19C4D /* BTUserManager.m */,
			);
			name = UserManager;
			sourceTree = "<group>";
		};
		F95F93451F03739600A19C4D /* Login */ = {
			isa = PBXGroup;
			children = (
				F95F933C1F034FA300A19C4D /* LoginViewController.h */,
				F95F933D1F034FA300A19C4D /* LoginViewController.m */,
			);
			name = Login;
			sourceTree = "<group>";
		};
		F95F93461F03739E00A19C4D /* Workout */ = {
			isa = PBXGroup;
			children = (
				F95F93421F03738B00A19C4D /* WorkoutViewController.h */,
				F95F93431F03738B00A19C4D /* WorkoutViewController.m */,
				F9F522F11F193E4400061AF0 /* Pass touches view */,
				F917BB611F0DD40500614AB1 /* QR display */,
				F917BB511F0D24EB00614AB1 /* PDF generator */,
				F96207731F05DCF800DE2330 /* Exercise cell */,
			);
			name = Workout;
			sourceTree = "<group>";
		};
		F95F93471F0373A400A19C4D /* Main */ = {
			isa = PBXGroup;
			children = (
				F95F93391F034DA500A19C4D /* MainViewController.h */,
				F95F933A1F034DA500A19C4D /* MainViewController.m */,
				F917BB651F0DEA9700614AB1 /* QR scanner */,
				F9FA47271F0B39DF00A4AF98 /* Workout selection */,
				F97B1CA81F097D9100B3EEC7 /* Weekday view */,
				F9AF06801F075360003A2200 /* Workout cell */,
			);
			name = Main;
			sourceTree = "<group>";
		};
		F95F93481F0373AA00A19C4D /* View Controllers */ = {
			isa = PBXGroup;
			children = (
				F95F93451F03739600A19C4D /* Login */,
				F95F5CF71F08B55700A567FA /* Settings */,
				F9F442151F0EA971008D4956 /* Analytics */,
				F95F93471F0373A400A19C4D /* Main */,
				F95F93461F03739E00A19C4D /* Workout */,
				F9418F9F1F04339E0083C3DC /* Add Exercise */,
				F9418FA91F04A50C0083C3DC /* Exercise */,
			);
			name = "View Controllers";
			sourceTree = "<group>";
		};
		F95F934C1F037CA000A19C4D /* WorkoutManager */ = {
			isa = PBXGroup;
			children = (
				F95F93491F037C9500A19C4D /* BTWorkoutManager.h */,
				F95F934A1F037C9500A19C4D /* BTWorkoutManager.m */,
				F97B1CAE1F09F68900B3EEC7 /* ExerciseModel */,
			);
			name = WorkoutManager;
			sourceTree = "<group>";
		};
		F96207731F05DCF800DE2330 /* Exercise cell */ = {
			isa = PBXGroup;
			children = (
				F962076E1F05DCF200DE2330 /* ExerciseTableViewCell.h */,
				F962076F1F05DCF200DE2330 /* ExerciseTableViewCell.m */,
				F96207701F05DCF200DE2330 /* ExerciseTableViewCell.xib */,
			);
			name = "Exercise cell";
			sourceTree = "<group>";
		};
		F9640BD71F080E590053C9C0 /* BTSettings */ = {
			isa = PBXGroup;
			children = (
				F9640BD31F080E590053C9C0 /* BTSettings+CoreDataClass.h */,
				F9640BD41F080E590053C9C0 /* BTSettings+CoreDataClass.m */,
				F9640BD51F080E590053C9C0 /* BTSettings+CoreDataProperties.h */,
				F9640BD61F080E590053C9C0 /* BTSettings+CoreDataProperties.m */,
			);
			name = BTSettings;
			sourceTree = "<group>";
		};
		F97773E31F1726A6009AEDE3 /* Exercise type cell */ = {
			isa = PBXGroup;
			children = (
				F97773DE1F1726A2009AEDE3 /* ADExerciseTypeTableViewCell.h */,
				F97773DF1F1726A2009AEDE3 /* ADExerciseTypeTableViewCell.m */,
				F97773E01F1726A2009AEDE3 /* ADExerciseTypeTableViewCell.xib */,
			);
			name = "Exercise type cell";
			sourceTree = "<group>";
		};
		F97B1CA41F09759700B3EEC7 /* Weekday cell */ = {
			isa = PBXGroup;
			children = (
				F97B1C9F1F09759000B3EEC7 /* WeekdayTableViewCell.h */,
				F97B1CA01F09759000B3EEC7 /* WeekdayTableViewCell.m */,
				F97B1CA11F09759000B3EEC7 /* WeekdayTableViewCell.xib */,
			);
			name = "Weekday cell";
			sourceTree = "<group>";
		};
		F97B1CA81F097D9100B3EEC7 /* Weekday view */ = {
			isa = PBXGroup;
			children = (
				F97B1CA51F097D8A00B3EEC7 /* WeekdayView.h */,
				F97B1CA61F097D8A00B3EEC7 /* WeekdayView.m */,
				F97B1CA91F097DA600B3EEC7 /* WeekdayView.xib */,
				F97B1CA41F09759700B3EEC7 /* Weekday cell */,
			);
			name = "Weekday view";
			sourceTree = "<group>";
		};
		F97B1CAE1F09F68900B3EEC7 /* ExerciseModel */ = {
			isa = PBXGroup;
			children = (
				F97B1CAB1F09F67300B3EEC7 /* ExerciseModel.h */,
				F97B1CAC1F09F67300B3EEC7 /* ExerciseModel.m */,
			);
			name = ExerciseModel;
			sourceTree = "<group>";
		};
		F9A5493A1F13060E00743897 /* Line chart */ = {
			isa = PBXGroup;
			children = (
				F9A549411F13065000743897 /* BTAnalyticsLineChart.h */,
				F9A549421F13065000743897 /* BTAnalyticsLineChart.m */,
			);
			name = "Line chart";
			sourceTree = "<group>";
		};
		F9A5493B1F13061800743897 /* Pie chart */ = {
			isa = PBXGroup;
			children = (
				F9A549441F13065500743897 /* BTAnalyticsPieChart.h */,
				F9A549451F13065500743897 /* BTAnalyticsPieChart.m */,
			);
			name = "Pie chart";
			sourceTree = "<group>";
		};
		F9A5493C1F13061C00743897 /* Bar chart */ = {
			isa = PBXGroup;
			children = (
				F9A5493E1F13064400743897 /* BTAnalyticsBarChart.h */,
				F9A5493F1F13064400743897 /* BTAnalyticsBarChart.m */,
			);
			name = "Bar chart";
			sourceTree = "<group>";
		};
		F9A5494D1F13068100743897 /* Recent workouts manager */ = {
			isa = PBXGroup;
			children = (
				F9A5494A1F13067B00743897 /* BTRecentWorkoutsManager.h */,
				F9A5494B1F13067B00743897 /* BTRecentWorkoutsManager.m */,
			);
			name = "Recent workouts manager";
			sourceTree = "<group>";
		};
		F9A549521F134A3400743897 /* Details */ = {
			isa = PBXGroup;
			children = (
				F9A5494F1F134A3100743897 /* AnalyticsDetailViewController.h */,
				F9A549501F134A3100743897 /* AnalyticsDetailViewController.m */,
				F9FD19EB1F14747100AB3FEE /* Muscle split */,
				F9FD19F11F14748B00AB3FEE /* Exercises */,
				F9FD19E51F141FF600AB3FEE /* Workouts */,
			);
			name = Details;
			sourceTree = "<group>";
		};
		F9AF06801F075360003A2200 /* Workout cell */ = {
			isa = PBXGroup;
			children = (
				F9AF067B1F07535C003A2200 /* WorkoutTableViewCell.h */,
				F9AF067C1F07535C003A2200 /* WorkoutTableViewCell.m */,
				F9AF067D1F07535C003A2200 /* WorkoutTableViewCell.xib */,
				F9AF06841F075973003A2200 /* Stacked bar */,
			);
			name = "Workout cell";
			sourceTree = "<group>";
		};
		F9AF06841F075973003A2200 /* Stacked bar */ = {
			isa = PBXGroup;
			children = (
				F9AF06811F07596F003A2200 /* BTStackedBarView.h */,
				F9AF06821F07596F003A2200 /* BTStackedBarView.m */,
			);
			name = "Stacked bar";
			sourceTree = "<group>";
		};
		F9B27CDE1F1170E0008FCC7F /* Third Party */ = {
			isa = PBXGroup;
			children = (
				F9B27CDF1F1170F5008FCC7F /* StickCollectionViewFlowLayout.h */,
				F9B27CE01F1170F5008FCC7F /* StickCollectionViewFlowLayout.m */,
			);
			name = "Third Party";
			path = BenchTracker;
			sourceTree = "<group>";
		};
		F9B27CE71F117B76008FCC7F /* Analytics cell */ = {
			isa = PBXGroup;
			children = (
				F9B27CE21F117852008FCC7F /* AnalyticsCollectionViewCell.h */,
				F9B27CE31F117852008FCC7F /* AnalyticsCollectionViewCell.m */,
				F9B27CE41F117852008FCC7F /* AnalyticsCollectionViewCell.xib */,
				F9A5493C1F13061C00743897 /* Bar chart */,
				F9A5493B1F13061800743897 /* Pie chart */,
				F9A5493A1F13060E00743897 /* Line chart */,
			);
			name = "Analytics cell";
			sourceTree = "<group>";
		};
		F9C240701F17D94F00A268F3 /* Exercise cell */ = {
			isa = PBXGroup;
			children = (
				F9C2406B1F17D94900A268F3 /* ADEDExerciseTableViewCell.h */,
				F9C2406C1F17D94900A268F3 /* ADEDExerciseTableViewCell.m */,
				F9C2406D1F17D94900A268F3 /* ADEDExerciseTableViewCell.xib */,
			);
			name = "Exercise cell";
			sourceTree = "<group>";
		};
		F9C240741F17FA7800A268F3 /* BTColor extension */ = {
			isa = PBXGroup;
			children = (
				F9C240711F17F9B300A268F3 /* UIColor+BTColors.h */,
				F9C240721F17F9B300A268F3 /* UIColor+BTColors.m */,
			);
			name = "BTColor extension";
			sourceTree = "<group>";
		};
		F9DA752A1F02F00200347B0D /* BTWorkout */ = {
			isa = PBXGroup;
			children = (
				F95F933F1F03713200A19C4D /* BTAWSWorkout.h */,
				F95F93401F03713200A19C4D /* BTAWSWorkout.m */,
				F9DA751E1F02EE9600347B0D /* BTWorkout+CoreDataClass.h */,
				F9DA751F1F02EE9600347B0D /* BTWorkout+CoreDataClass.m */,
				F9DA75201F02EE9600347B0D /* BTWorkout+CoreDataProperties.h */,
				F9DA75211F02EE9600347B0D /* BTWorkout+CoreDataProperties.m */,
				F917BB581F0DA6AB00614AB1 /* BTJSONWorkout.h */,
				F917BB591F0DA6AB00614AB1 /* BTJSONWorkout.m */,
				F917BB5B1F0DCA6A00614AB1 /* BTJSONWorkoutTemplate.h */,
				F917BB5C1F0DCA6A00614AB1 /* BTJSONWorkoutTemplate.m */,
			);
			name = BTWorkout;
			sourceTree = "<group>";
		};
		F9DA752B1F02F00C00347B0D /* BTExerciseType */ = {
			isa = PBXGroup;
			children = (
				F9DA751A1F02EE9600347B0D /* BTExerciseType+CoreDataClass.h */,
				F9DA751B1F02EE9600347B0D /* BTExerciseType+CoreDataClass.m */,
				F9DA751C1F02EE9600347B0D /* BTExerciseType+CoreDataProperties.h */,
				F9DA751D1F02EE9600347B0D /* BTExerciseType+CoreDataProperties.m */,
			);
			name = BTExerciseType;
			sourceTree = "<group>";
		};
		F9DA752C1F02F01800347B0D /* BTExercise */ = {
			isa = PBXGroup;
			children = (
				F9DA75161F02EE9600347B0D /* BTExercise+CoreDataClass.h */,
				F9DA75171F02EE9600347B0D /* BTExercise+CoreDataClass.m */,
				F9DA75181F02EE9600347B0D /* BTExercise+CoreDataProperties.h */,
				F9DA75191F02EE9600347B0D /* BTExercise+CoreDataProperties.m */,
			);
			name = BTExercise;
			sourceTree = "<group>";
		};
		F9DA752D1F02F02000347B0D /* BTUser */ = {
			isa = PBXGroup;
			children = (
				F95F93311F03410500A19C4D /* BTAWSUser.h */,
				F95F93321F03410500A19C4D /* BTAWSUser.m */,
				F9DA75121F02EE9600347B0D /* BTUser+CoreDataClass.h */,
				F9DA75131F02EE9600347B0D /* BTUser+CoreDataClass.m */,
				F9DA75141F02EE9600347B0D /* BTUser+CoreDataProperties.h */,
				F9DA75151F02EE9600347B0D /* BTUser+CoreDataProperties.m */,
			);
			name = BTUser;
			sourceTree = "<group>";
		};
		F9DA752E1F02F08200347B0D /* CoreData Models */ = {
			isa = PBXGroup;
			children = (
				F9DA752D1F02F02000347B0D /* BTUser */,
				F9DA752C1F02F01800347B0D /* BTExercise */,
				F9DA752B1F02F00C00347B0D /* BTExerciseType */,
				F9DA752A1F02F00200347B0D /* BTWorkout */,
				F9640BD71F080E590053C9C0 /* BTSettings */,
			);
			name = "CoreData Models";
			path = ..;
			sourceTree = "<group>";
		};
		F9DA752F1F02F08D00347B0D /* Classes */ = {
			isa = PBXGroup;
			children = (
				F9DA752E1F02F08200347B0D /* CoreData Models */,
				F9DA75301F02F09300347B0D /* Managers */,
				F94C89471F15D5C5006C6BDD /* Utility */,
			);
			name = Classes;
			sourceTree = "<group>";
		};
		F9DA75301F02F09300347B0D /* Managers */ = {
			isa = PBXGroup;
			children = (
				F95F93381F03427400A19C4D /* UserManager */,
				F95F934C1F037CA000A19C4D /* WorkoutManager */,
				F95F93341F03425000A19C4D /* TypeListManager */,
			);
			name = Managers;
			sourceTree = "<group>";
		};
		F9F442151F0EA971008D4956 /* Analytics */ = {
			isa = PBXGroup;
			children = (
				F9F442121F0EA96D008D4956 /* AnalyticsViewController.h */,
				F9F442131F0EA96D008D4956 /* AnalyticsViewController.m */,
				F9A549521F134A3400743897 /* Details */,
				F9B27CE71F117B76008FCC7F /* Analytics cell */,
				F9A5494D1F13068100743897 /* Recent workouts manager */,
			);
			name = Analytics;
			sourceTree = "<group>";
		};
		F9F522F11F193E4400061AF0 /* Pass touches view */ = {
			isa = PBXGroup;
			children = (
				F9B7D7D51F06303700376201 /* PassTouchesView.h */,
				F9B7D7D61F06303700376201 /* passTouchesView.m */,
			);
			name = "Pass touches view";
			sourceTree = "<group>";
		};
		F9FA47271F0B39DF00A4AF98 /* Workout selection */ = {
			isa = PBXGroup;
			children = (
				F9FA47241F0B39D700A4AF98 /* WorkoutSelectionViewController.h */,
				F9FA47251F0B39D700A4AF98 /* WorkoutSelectionViewController.m */,
			);
			name = "Workout selection";
			sourceTree = "<group>";
		};
		F9FD19E51F141FF600AB3FEE /* Workouts */ = {
			isa = PBXGroup;
			children = (
				F9FD19E01F141FF300AB3FEE /* ADWorkoutsViewController.h */,
				F9FD19E11F141FF300AB3FEE /* ADWorkoutsViewController.m */,
				F9FD19E21F141FF300AB3FEE /* ADWorkoutsViewController.xib */,
				F94C893C1F1544B5006C6BDD /* Podium view */,
			);
			name = Workouts;
			sourceTree = "<group>";
		};
		F9FD19EB1F14747100AB3FEE /* Muscle split */ = {
			isa = PBXGroup;
			children = (
				F9FD19E61F14746E00AB3FEE /* ADMuscleSplitViewController.h */,
				F9FD19E71F14746E00AB3FEE /* ADMuscleSplitViewController.m */,
				F9FD19E81F14746E00AB3FEE /* ADMuscleSplitViewController.xib */,
				F94C89421F15B690006C6BDD /* Muscle split cell */,
			);
			name = "Muscle split";
			sourceTree = "<group>";
		};
		F9FD19F11F14748B00AB3FEE /* Exercises */ = {
			isa = PBXGroup;
			children = (
				F9FD19EC1F14748800AB3FEE /* ADExercisesViewController.h */,
				F9FD19ED1F14748800AB3FEE /* ADExercisesViewController.m */,
				F9FD19EE1F14748800AB3FEE /* ADExercisesViewController.xib */,
				F9FD19F71F147F7900AB3FEE /* Exercises detail */,
				F97773E31F1726A6009AEDE3 /* Exercise type cell */,
			);
			name = Exercises;
			sourceTree = "<group>";
		};
		F9FD19F71F147F7900AB3FEE /* Exercises detail */ = {
			isa = PBXGroup;
			children = (
				F9FD19F21F147F7600AB3FEE /* ADExercisesDetailViewController.h */,
				F9FD19F31F147F7600AB3FEE /* ADExercisesDetailViewController.m */,
				F9FD19F41F147F7600AB3FEE /* ADExercisesDetailViewController.xib */,
				F9C240701F17D94F00A268F3 /* Exercise cell */,
			);
			name = "Exercises detail";
			sourceTree = "<group>";
		};
/* End PBXGroup section */

/* Begin PBXNativeTarget section */
		F90712A019415FB0008694E5 /* BenchTracker */ = {
			isa = PBXNativeTarget;
			buildConfigurationList = F90712C419415FB4008694E5 /* Build configuration list for PBXNativeTarget "BenchTracker" */;
			buildPhases = (
				D1D6B4C6571974BB99FFA597 /* [CP] Check Pods Manifest.lock */,
				F907129D19415FB0008694E5 /* Sources */,
				F907129E19415FB0008694E5 /* Frameworks */,
				F907129F19415FB0008694E5 /* Resources */,
				0BE8EBDAC6CFD27B5670E02A /* [CP] Embed Pods Frameworks */,
				676F3849280720936398B7AA /* [CP] Copy Pods Resources */,
			);
			buildRules = (
			);
			dependencies = (
			);
			name = BenchTracker;
			productName = BenchTracker;
			productReference = F90712A119415FB0008694E5 /* BenchTracker.app */;
			productType = "com.apple.product-type.application";
		};
		F90712B919415FB4008694E5 /* BenchTrackerTests */ = {
			isa = PBXNativeTarget;
			buildConfigurationList = F90712C719415FB4008694E5 /* Build configuration list for PBXNativeTarget "BenchTrackerTests" */;
			buildPhases = (
				FF5B770B05D1F40C7A2DE204 /* [CP] Check Pods Manifest.lock */,
				F90712B619415FB4008694E5 /* Sources */,
				F90712B719415FB4008694E5 /* Frameworks */,
				F90712B819415FB4008694E5 /* Resources */,
				F8EFC1E1B8D5A405F206BC10 /* [CP] Embed Pods Frameworks */,
				2379D322FF3763032F48B4A4 /* [CP] Copy Pods Resources */,
			);
			buildRules = (
			);
			dependencies = (
				F90712BC19415FB4008694E5 /* PBXTargetDependency */,
			);
			name = BenchTrackerTests;
			productName = BenchTrackerTests;
			productReference = F90712BA19415FB4008694E5 /* BenchTrackerTests.xctest */;
			productType = "com.apple.product-type.bundle.unit-test";
		};
/* End PBXNativeTarget section */

/* Begin PBXProject section */
		F907129919415FB0008694E5 /* Project object */ = {
			isa = PBXProject;
			attributes = {
				LastUpgradeCheck = 0830;
				ORGANIZATIONNAME = CD;
				TargetAttributes = {
					F90712A019415FB0008694E5 = {
						CreatedOnToolsVersion = 6.0;
						DevelopmentTeam = AE4TCQ8Z49;
					};
					F90712B919415FB4008694E5 = {
						CreatedOnToolsVersion = 6.0;
						TestTargetID = F90712A019415FB0008694E5;
					};
				};
			};
			buildConfigurationList = F907129C19415FB0008694E5 /* Build configuration list for PBXProject "BenchTracker" */;
			compatibilityVersion = "Xcode 3.2";
			developmentRegion = English;
			hasScannedForEncodings = 0;
			knownRegions = (
				en,
				Base,
			);
			mainGroup = F907129819415FB0008694E5;
			productRefGroup = F90712A219415FB0008694E5 /* Products */;
			projectDirPath = "";
			projectRoot = "";
			targets = (
				F90712A019415FB0008694E5 /* BenchTracker */,
				F90712B919415FB4008694E5 /* BenchTrackerTests */,
			);
		};
/* End PBXProject section */

/* Begin PBXResourcesBuildPhase section */
		F907129F19415FB0008694E5 /* Resources */ = {
			isa = PBXResourcesBuildPhase;
			buildActionMask = 2147483647;
			files = (
				F9FD19F61F147F7600AB3FEE /* ADExercisesDetailViewController.xib in Resources */,
				F9C2406F1F17D94900A268F3 /* ADEDExerciseTableViewCell.xib in Resources */,
				F97773E21F1726A2009AEDE3 /* ADExerciseTypeTableViewCell.xib in Resources */,
				F9418FAF1F04A96C0083C3DC /* ExerciseView.xib in Resources */,
				F97B1CA31F09759000B3EEC7 /* WeekdayTableViewCell.xib in Resources */,
				F981D5891F022D9A00E7B456 /* LaunchScreen.xib in Resources */,
				F927D1551F0C9DDB0004CF3A /* IterationTableViewCell.xib in Resources */,
				F97B1CAA1F097DA600B3EEC7 /* WeekdayView.xib in Resources */,
				F9FD19F01F14748800AB3FEE /* ADExercisesViewController.xib in Resources */,
				F9B27CE61F117852008FCC7F /* AnalyticsCollectionViewCell.xib in Resources */,
				F917BB671F0DEAE000614AB1 /* BTQRScannerViewController.xib in Resources */,
				F9418FA41F048B1E0083C3DC /* AddExerciseTableViewCell.xib in Resources */,
				F90712B319415FB1008694E5 /* Main.storyboard in Resources */,
				F9FD19EA1F14746E00AB3FEE /* ADMuscleSplitViewController.xib in Resources */,
				F96207721F05DCF200DE2330 /* ExerciseTableViewCell.xib in Resources */,
				F917BB571F0D2AC400614AB1 /* BTWorkoutPDF.xib in Resources */,
				F94C893B1F154498006C6BDD /* ADPodiumView.xib in Resources */,
				F90712B519415FB2008694E5 /* Images.xcassets in Resources */,
				F94C89411F15B68D006C6BDD /* ADMuscleSplitTableViewCell.xib in Resources */,
				F9418FBE1F04CEF80083C3DC /* SetCollectionViewCell.xib in Resources */,
				F9FD19E41F141FF300AB3FEE /* ADWorkoutsViewController.xib in Resources */,
				F9AF067F1F07535C003A2200 /* WorkoutTableViewCell.xib in Resources */,
			);
			runOnlyForDeploymentPostprocessing = 0;
		};
		F90712B819415FB4008694E5 /* Resources */ = {
			isa = PBXResourcesBuildPhase;
			buildActionMask = 2147483647;
			files = (
			);
			runOnlyForDeploymentPostprocessing = 0;
		};
/* End PBXResourcesBuildPhase section */

/* Begin PBXShellScriptBuildPhase section */
		0BE8EBDAC6CFD27B5670E02A /* [CP] Embed Pods Frameworks */ = {
			isa = PBXShellScriptBuildPhase;
			buildActionMask = 2147483647;
			files = (
			);
			inputPaths = (
			);
			name = "[CP] Embed Pods Frameworks";
			outputPaths = (
			);
			runOnlyForDeploymentPostprocessing = 0;
			shellPath = /bin/sh;
			shellScript = "\"${SRCROOT}/Pods/Target Support Files/Pods-BenchTracker/Pods-BenchTracker-frameworks.sh\"\n";
			showEnvVarsInLog = 0;
		};
		2379D322FF3763032F48B4A4 /* [CP] Copy Pods Resources */ = {
			isa = PBXShellScriptBuildPhase;
			buildActionMask = 2147483647;
			files = (
			);
			inputPaths = (
			);
			name = "[CP] Copy Pods Resources";
			outputPaths = (
			);
			runOnlyForDeploymentPostprocessing = 0;
			shellPath = /bin/sh;
			shellScript = "\"${SRCROOT}/Pods/Target Support Files/Pods-BenchTrackerTests/Pods-BenchTrackerTests-resources.sh\"\n";
			showEnvVarsInLog = 0;
		};
		676F3849280720936398B7AA /* [CP] Copy Pods Resources */ = {
			isa = PBXShellScriptBuildPhase;
			buildActionMask = 2147483647;
			files = (
			);
			inputPaths = (
			);
			name = "[CP] Copy Pods Resources";
			outputPaths = (
			);
			runOnlyForDeploymentPostprocessing = 0;
			shellPath = /bin/sh;
			shellScript = "\"${SRCROOT}/Pods/Target Support Files/Pods-BenchTracker/Pods-BenchTracker-resources.sh\"\n";
			showEnvVarsInLog = 0;
		};
		D1D6B4C6571974BB99FFA597 /* [CP] Check Pods Manifest.lock */ = {
			isa = PBXShellScriptBuildPhase;
			buildActionMask = 2147483647;
			files = (
			);
			inputPaths = (
			);
			name = "[CP] Check Pods Manifest.lock";
			outputPaths = (
			);
			runOnlyForDeploymentPostprocessing = 0;
			shellPath = /bin/sh;
			shellScript = "diff \"${PODS_PODFILE_DIR_PATH}/Podfile.lock\" \"${PODS_ROOT}/Manifest.lock\" > /dev/null\nif [ $? != 0 ] ; then\n    # print error to STDERR\n    echo \"error: The sandbox is not in sync with the Podfile.lock. Run 'pod install' or update your CocoaPods installation.\" >&2\n    exit 1\nfi\n";
			showEnvVarsInLog = 0;
		};
		F8EFC1E1B8D5A405F206BC10 /* [CP] Embed Pods Frameworks */ = {
			isa = PBXShellScriptBuildPhase;
			buildActionMask = 2147483647;
			files = (
			);
			inputPaths = (
			);
			name = "[CP] Embed Pods Frameworks";
			outputPaths = (
			);
			runOnlyForDeploymentPostprocessing = 0;
			shellPath = /bin/sh;
			shellScript = "\"${SRCROOT}/Pods/Target Support Files/Pods-BenchTrackerTests/Pods-BenchTrackerTests-frameworks.sh\"\n";
			showEnvVarsInLog = 0;
		};
		FF5B770B05D1F40C7A2DE204 /* [CP] Check Pods Manifest.lock */ = {
			isa = PBXShellScriptBuildPhase;
			buildActionMask = 2147483647;
			files = (
			);
			inputPaths = (
			);
			name = "[CP] Check Pods Manifest.lock";
			outputPaths = (
			);
			runOnlyForDeploymentPostprocessing = 0;
			shellPath = /bin/sh;
			shellScript = "diff \"${PODS_PODFILE_DIR_PATH}/Podfile.lock\" \"${PODS_ROOT}/Manifest.lock\" > /dev/null\nif [ $? != 0 ] ; then\n    # print error to STDERR\n    echo \"error: The sandbox is not in sync with the Podfile.lock. Run 'pod install' or update your CocoaPods installation.\" >&2\n    exit 1\nfi\n";
			showEnvVarsInLog = 0;
		};
/* End PBXShellScriptBuildPhase section */

/* Begin PBXSourcesBuildPhase section */
		F907129D19415FB0008694E5 /* Sources */ = {
			isa = PBXSourcesBuildPhase;
			buildActionMask = 2147483647;
			files = (
				F9A549461F13065500743897 /* BTAnalyticsPieChart.m in Sources */,
				F9FD19F51F147F7600AB3FEE /* ADExercisesDetailViewController.m in Sources */,
				F90712AA19415FB1008694E5 /* AppDelegate.m in Sources */,
				F9418FBC1F04CEE80083C3DC /* SetCollectionViewCell.m in Sources */,
				F9DA75281F02EE9600347B0D /* BTWorkout+CoreDataClass.m in Sources */,
				F9DA75271F02EE9600347B0D /* BTExerciseType+CoreDataProperties.m in Sources */,
				F9A5494E1F13075600743897 /* AnalyticsViewController.m in Sources */,
				F9A549511F134A3100743897 /* AnalyticsDetailViewController.m in Sources */,
				F95F933B1F034DA500A19C4D /* MainViewController.m in Sources */,
				F9418FAC1F04A94E0083C3DC /* ExerciseView.m in Sources */,
				F917BB541F0D2AB200614AB1 /* BTWorkoutPDF.m in Sources */,
				F9DA75221F02EE9600347B0D /* BTUser+CoreDataClass.m in Sources */,
				F95F934B1F037C9500A19C4D /* BTWorkoutManager.m in Sources */,
				F95F93371F03426F00A19C4D /* BTUserManager.m in Sources */,
				F9A5494C1F13067B00743897 /* BTRecentWorkoutsManager.m in Sources */,
				F9B7D7D71F06303700376201 /* passTouchesView.m in Sources */,
				F9FD19E91F14746E00AB3FEE /* ADMuscleSplitViewController.m in Sources */,
				F9FD19E31F141FF300AB3FEE /* ADWorkoutsViewController.m in Sources */,
				F917BB501F0D24E500614AB1 /* BTPDFGenerator.m in Sources */,
				F917BB601F0DD40200614AB1 /* QRDisplayViewController.m in Sources */,
				F9DA75251F02EE9600347B0D /* BTExercise+CoreDataProperties.m in Sources */,
				F9640BD81F080E590053C9C0 /* BTSettings+CoreDataClass.m in Sources */,
				F94C89401F15B68D006C6BDD /* ADMuscleSplitTableViewCell.m in Sources */,
				F9FD19EF1F14748800AB3FEE /* ADExercisesViewController.m in Sources */,
				F94C89391F15448C006C6BDD /* ADPodiumView.m in Sources */,
				F95F933E1F034FA300A19C4D /* LoginViewController.m in Sources */,
				F9AF067E1F07535C003A2200 /* WorkoutTableViewCell.m in Sources */,
				F96207711F05DCF200DE2330 /* ExerciseTableViewCell.m in Sources */,
				F97B1CAD1F09F67300B3EEC7 /* ExerciseModel.m in Sources */,
				F9DA75331F02F0B800347B0D /* BTTypeListManager.m in Sources */,
				F9418F9E1F0433980083C3DC /* AddExerciseViewController.m in Sources */,
				F9DA75291F02EE9600347B0D /* BTWorkout+CoreDataProperties.m in Sources */,
				F95F93441F03738B00A19C4D /* WorkoutViewController.m in Sources */,
				F9B27CE51F117852008FCC7F /* AnalyticsCollectionViewCell.m in Sources */,
				F9418FA31F048B1E0083C3DC /* AddExerciseTableViewCell.m in Sources */,
				F9A549431F13065000743897 /* BTAnalyticsLineChart.m in Sources */,
				F917BB5A1F0DA6AB00614AB1 /* BTJSONWorkout.m in Sources */,
				F97B1CA71F097D8A00B3EEC7 /* WeekdayView.m in Sources */,
				F9DA75111F02DC1700347B0D /* BTDataModel.xcdatamodeld in Sources */,
				F927D14F1F0C9BD70004CF3A /* IterationSelectionViewController.m in Sources */,
				F94C89451F15D5B6006C6BDD /* BT1RMCalculator.m in Sources */,
				F917BB641F0DEA7C00614AB1 /* BTQRScannerViewController.m in Sources */,
				F9C240731F17F9B300A268F3 /* UIColor+BTColors.m in Sources */,
				F95F93411F03713200A19C4D /* BTAWSWorkout.m in Sources */,
				F90712A719415FB1008694E5 /* main.m in Sources */,
				F97773E11F1726A2009AEDE3 /* ADExerciseTypeTableViewCell.m in Sources */,
				F9418FB21F04C83F0083C3DC /* SetFlowLayout.m in Sources */,
				F927D1541F0C9DDB0004CF3A /* IterationTableViewCell.m in Sources */,
				F97B1CA21F09759000B3EEC7 /* WeekdayTableViewCell.m in Sources */,
				F9418FA81F04A4F80083C3DC /* ExerciseViewController.m in Sources */,
				F9AF06831F07596F003A2200 /* BTStackedBarView.m in Sources */,
				F9DA75241F02EE9600347B0D /* BTExercise+CoreDataClass.m in Sources */,
				F9DA75231F02EE9600347B0D /* BTUser+CoreDataProperties.m in Sources */,
				F9640BD91F080E590053C9C0 /* BTSettings+CoreDataProperties.m in Sources */,
				F9A549401F13064400743897 /* BTAnalyticsBarChart.m in Sources */,
				F95F932F1F02FC5000A19C4D /* TypeListModel.m in Sources */,
				F95F5CF61F08B54500A567FA /* SettingsViewController.m in Sources */,
				F917BB5D1F0DCA6A00614AB1 /* BTJSONWorkoutTemplate.m in Sources */,
				F9B27CE11F1170F5008FCC7F /* StickCollectionViewFlowLayout.m in Sources */,
				F9FA47261F0B39D700A4AF98 /* WorkoutSelectionViewController.m in Sources */,
				F9DA75261F02EE9600347B0D /* BTExerciseType+CoreDataClass.m in Sources */,
				F95F93331F03410500A19C4D /* BTAWSUser.m in Sources */,
				F9C2406E1F17D94900A268F3 /* ADEDExerciseTableViewCell.m in Sources */,
			);
			runOnlyForDeploymentPostprocessing = 0;
		};
		F90712B619415FB4008694E5 /* Sources */ = {
			isa = PBXSourcesBuildPhase;
			buildActionMask = 2147483647;
			files = (
				F90712C119415FB4008694E5 /* BenchTrackerTests.m in Sources */,
			);
			runOnlyForDeploymentPostprocessing = 0;
		};
/* End PBXSourcesBuildPhase section */

/* Begin PBXTargetDependency section */
		F90712BC19415FB4008694E5 /* PBXTargetDependency */ = {
			isa = PBXTargetDependency;
			target = F90712A019415FB0008694E5 /* BenchTracker */;
			targetProxy = F90712BB19415FB4008694E5 /* PBXContainerItemProxy */;
		};
/* End PBXTargetDependency section */

/* Begin PBXVariantGroup section */
		F90712B119415FB1008694E5 /* Main.storyboard */ = {
			isa = PBXVariantGroup;
			children = (
				F90712B219415FB1008694E5 /* Base */,
			);
			name = Main.storyboard;
			sourceTree = "<group>";
		};
		F981D5871F022D9A00E7B456 /* LaunchScreen.xib */ = {
			isa = PBXVariantGroup;
			children = (
				F981D5881F022D9A00E7B456 /* Base */,
			);
			name = LaunchScreen.xib;
			sourceTree = "<group>";
		};
/* End PBXVariantGroup section */

/* Begin XCBuildConfiguration section */
		F90712C219415FB4008694E5 /* Debug */ = {
			isa = XCBuildConfiguration;
			buildSettings = {
				ALWAYS_SEARCH_USER_PATHS = NO;
				CLANG_CXX_LANGUAGE_STANDARD = "gnu++0x";
				CLANG_CXX_LIBRARY = "libc++";
				CLANG_ENABLE_MODULES = YES;
				CLANG_ENABLE_OBJC_ARC = YES;
				CLANG_WARN_BOOL_CONVERSION = YES;
				CLANG_WARN_CONSTANT_CONVERSION = YES;
				CLANG_WARN_DIRECT_OBJC_ISA_USAGE = YES_ERROR;
				CLANG_WARN_EMPTY_BODY = YES;
				CLANG_WARN_ENUM_CONVERSION = YES;
				CLANG_WARN_INFINITE_RECURSION = YES;
				CLANG_WARN_INT_CONVERSION = YES;
				CLANG_WARN_OBJC_ROOT_CLASS = YES_ERROR;
				CLANG_WARN_SUSPICIOUS_MOVE = YES;
				CLANG_WARN_UNREACHABLE_CODE = YES;
				CLANG_WARN__DUPLICATE_METHOD_MATCH = YES;
				"CODE_SIGN_IDENTITY[sdk=iphoneos*]" = "iPhone Developer";
				COPY_PHASE_STRIP = NO;
				ENABLE_STRICT_OBJC_MSGSEND = YES;
				ENABLE_TESTABILITY = YES;
				GCC_C_LANGUAGE_STANDARD = gnu99;
				GCC_DYNAMIC_NO_PIC = NO;
				GCC_NO_COMMON_BLOCKS = YES;
				GCC_OPTIMIZATION_LEVEL = 0;
				GCC_PREPROCESSOR_DEFINITIONS = (
					"DEBUG=1",
					"$(inherited)",
				);
				GCC_SYMBOLS_PRIVATE_EXTERN = NO;
				GCC_WARN_64_TO_32_BIT_CONVERSION = YES;
				GCC_WARN_ABOUT_RETURN_TYPE = YES_ERROR;
				GCC_WARN_UNDECLARED_SELECTOR = YES;
				GCC_WARN_UNINITIALIZED_AUTOS = YES_AGGRESSIVE;
				GCC_WARN_UNUSED_FUNCTION = YES;
				GCC_WARN_UNUSED_VARIABLE = YES;
				IPHONEOS_DEPLOYMENT_TARGET = 10.0;
				METAL_ENABLE_DEBUG_INFO = YES;
				ONLY_ACTIVE_ARCH = YES;
				SDKROOT = iphoneos;
			};
			name = Debug;
		};
		F90712C319415FB4008694E5 /* Release */ = {
			isa = XCBuildConfiguration;
			buildSettings = {
				ALWAYS_SEARCH_USER_PATHS = NO;
				CLANG_CXX_LANGUAGE_STANDARD = "gnu++0x";
				CLANG_CXX_LIBRARY = "libc++";
				CLANG_ENABLE_MODULES = YES;
				CLANG_ENABLE_OBJC_ARC = YES;
				CLANG_WARN_BOOL_CONVERSION = YES;
				CLANG_WARN_CONSTANT_CONVERSION = YES;
				CLANG_WARN_DIRECT_OBJC_ISA_USAGE = YES_ERROR;
				CLANG_WARN_EMPTY_BODY = YES;
				CLANG_WARN_ENUM_CONVERSION = YES;
				CLANG_WARN_INFINITE_RECURSION = YES;
				CLANG_WARN_INT_CONVERSION = YES;
				CLANG_WARN_OBJC_ROOT_CLASS = YES_ERROR;
				CLANG_WARN_SUSPICIOUS_MOVE = YES;
				CLANG_WARN_UNREACHABLE_CODE = YES;
				CLANG_WARN__DUPLICATE_METHOD_MATCH = YES;
				"CODE_SIGN_IDENTITY[sdk=iphoneos*]" = "iPhone Developer";
				COPY_PHASE_STRIP = YES;
				ENABLE_NS_ASSERTIONS = NO;
				ENABLE_STRICT_OBJC_MSGSEND = YES;
				GCC_C_LANGUAGE_STANDARD = gnu99;
				GCC_NO_COMMON_BLOCKS = YES;
				GCC_WARN_64_TO_32_BIT_CONVERSION = YES;
				GCC_WARN_ABOUT_RETURN_TYPE = YES_ERROR;
				GCC_WARN_UNDECLARED_SELECTOR = YES;
				GCC_WARN_UNINITIALIZED_AUTOS = YES_AGGRESSIVE;
				GCC_WARN_UNUSED_FUNCTION = YES;
				GCC_WARN_UNUSED_VARIABLE = YES;
				IPHONEOS_DEPLOYMENT_TARGET = 10.0;
				METAL_ENABLE_DEBUG_INFO = NO;
				SDKROOT = iphoneos;
				VALIDATE_PRODUCT = YES;
			};
			name = Release;
		};
		F90712C519415FB4008694E5 /* Debug */ = {
			isa = XCBuildConfiguration;
			baseConfigurationReference = 1746DDC55C14CBB644675063 /* Pods-BenchTracker.debug.xcconfig */;
			buildSettings = {
				ASSETCATALOG_COMPILER_APPICON_NAME = AppIcon;
				ASSETCATALOG_COMPILER_LAUNCHIMAGE_NAME = LaunchImage;
				DEVELOPMENT_TEAM = AE4TCQ8Z49;
				GCC_PRECOMPILE_PREFIX_HEADER = YES;
				GCC_PREFIX_HEADER = "${SRCROOT}/BenchTracker/BenchTrackerPrefixHeader.pch";
				INFOPLIST_FILE = BenchTracker/Info.plist;
				IPHONEOS_DEPLOYMENT_TARGET = 10.0;
				LD_RUNPATH_SEARCH_PATHS = "$(inherited) @executable_path/Frameworks";
				PRODUCT_BUNDLE_IDENTIFIER = "CDdesigns.${PRODUCT_NAME:rfc1034identifier}";
				PRODUCT_NAME = "$(TARGET_NAME)";
				TARGETED_DEVICE_FAMILY = "1,2";
			};
			name = Debug;
		};
		F90712C619415FB4008694E5 /* Release */ = {
			isa = XCBuildConfiguration;
			baseConfigurationReference = 791833EF2E04B86CA95AD6B3 /* Pods-BenchTracker.release.xcconfig */;
			buildSettings = {
				ASSETCATALOG_COMPILER_APPICON_NAME = AppIcon;
				ASSETCATALOG_COMPILER_LAUNCHIMAGE_NAME = LaunchImage;
				DEVELOPMENT_TEAM = AE4TCQ8Z49;
				GCC_PRECOMPILE_PREFIX_HEADER = YES;
				GCC_PREFIX_HEADER = "${SRCROOT}/BenchTracker/BenchTrackerPrefixHeader.pch";
				INFOPLIST_FILE = BenchTracker/Info.plist;
				IPHONEOS_DEPLOYMENT_TARGET = 10.0;
				LD_RUNPATH_SEARCH_PATHS = "$(inherited) @executable_path/Frameworks";
				PRODUCT_BUNDLE_IDENTIFIER = "CDdesigns.${PRODUCT_NAME:rfc1034identifier}";
				PRODUCT_NAME = "$(TARGET_NAME)";
				TARGETED_DEVICE_FAMILY = "1,2";
			};
			name = Release;
		};
		F90712C819415FB4008694E5 /* Debug */ = {
			isa = XCBuildConfiguration;
			baseConfigurationReference = EABA566C7706F85FACB19B97 /* Pods-BenchTrackerTests.debug.xcconfig */;
			buildSettings = {
				BUNDLE_LOADER = "$(BUILT_PRODUCTS_DIR)/BenchTracker.app/BenchTracker";
				FRAMEWORK_SEARCH_PATHS = (
					"$(SDKROOT)/Developer/Library/Frameworks",
					"$(inherited)",
				);
				GCC_PREPROCESSOR_DEFINITIONS = (
					"DEBUG=1",
					"$(inherited)",
				);
				INFOPLIST_FILE = BenchTrackerTests/Info.plist;
				LD_RUNPATH_SEARCH_PATHS = "$(inherited) @executable_path/Frameworks @loader_path/Frameworks";
				METAL_ENABLE_DEBUG_INFO = YES;
				PRODUCT_BUNDLE_IDENTIFIER = "CDdesigns.${PRODUCT_NAME:rfc1034identifier}";
				PRODUCT_NAME = "$(TARGET_NAME)";
				TEST_HOST = "$(BUNDLE_LOADER)";
			};
			name = Debug;
		};
		F90712C919415FB4008694E5 /* Release */ = {
			isa = XCBuildConfiguration;
			baseConfigurationReference = 2C3B197020A386DB147CEDEE /* Pods-BenchTrackerTests.release.xcconfig */;
			buildSettings = {
				BUNDLE_LOADER = "$(BUILT_PRODUCTS_DIR)/BenchTracker.app/BenchTracker";
				FRAMEWORK_SEARCH_PATHS = (
					"$(SDKROOT)/Developer/Library/Frameworks",
					"$(inherited)",
				);
				INFOPLIST_FILE = BenchTrackerTests/Info.plist;
				LD_RUNPATH_SEARCH_PATHS = "$(inherited) @executable_path/Frameworks @loader_path/Frameworks";
				METAL_ENABLE_DEBUG_INFO = NO;
				PRODUCT_BUNDLE_IDENTIFIER = "CDdesigns.${PRODUCT_NAME:rfc1034identifier}";
				PRODUCT_NAME = "$(TARGET_NAME)";
				TEST_HOST = "$(BUNDLE_LOADER)";
			};
			name = Release;
		};
/* End XCBuildConfiguration section */

/* Begin XCConfigurationList section */
		F907129C19415FB0008694E5 /* Build configuration list for PBXProject "BenchTracker" */ = {
			isa = XCConfigurationList;
			buildConfigurations = (
				F90712C219415FB4008694E5 /* Debug */,
				F90712C319415FB4008694E5 /* Release */,
			);
			defaultConfigurationIsVisible = 0;
			defaultConfigurationName = Release;
		};
		F90712C419415FB4008694E5 /* Build configuration list for PBXNativeTarget "BenchTracker" */ = {
			isa = XCConfigurationList;
			buildConfigurations = (
				F90712C519415FB4008694E5 /* Debug */,
				F90712C619415FB4008694E5 /* Release */,
			);
			defaultConfigurationIsVisible = 0;
			defaultConfigurationName = Release;
		};
		F90712C719415FB4008694E5 /* Build configuration list for PBXNativeTarget "BenchTrackerTests" */ = {
			isa = XCConfigurationList;
			buildConfigurations = (
				F90712C819415FB4008694E5 /* Debug */,
				F90712C919415FB4008694E5 /* Release */,
			);
			defaultConfigurationIsVisible = 0;
			defaultConfigurationName = Release;
		};
/* End XCConfigurationList section */

/* Begin XCVersionGroup section */
		F9DA750F1F02DC1700347B0D /* BTDataModel.xcdatamodeld */ = {
			isa = XCVersionGroup;
			children = (
				F9DA75101F02DC1700347B0D /* BTDataModel.xcdatamodel */,
			);
			currentVersion = F9DA75101F02DC1700347B0D /* BTDataModel.xcdatamodel */;
			path = BTDataModel.xcdatamodeld;
			sourceTree = "<group>";
			versionGroupType = wrapper.xcdatamodel;
		};
/* End XCVersionGroup section */
	};
	rootObject = F907129919415FB0008694E5 /* Project object */;
}
